
Microsoft Visual Studio Solution File, Format Version 12.00
# Visual Studio Version 17
VisualStudioVersion = 17.7.34031.279
MinimumVisualStudioVersion = 10.0.40219.1
Project("{888888A0-9F3D-457C-B088-3A5042F75D52}") = "bài1", "bài1\bài1.pyproj", "{F3B40425-22E2-4A26-8450-AD16A391DB54}"
EndProject
Project("{888888A0-9F3D-457C-B088-3A5042F75D52}") = "bài4", "bài4\bài4.pyproj", "{33B252FA-BE57-44E2-80BE-FDC4FB4233DD}"
EndProject
Project("{888888A0-9F3D-457C-B088-3A5042F75D52}") = "bài7", "bài7\bài7.pyproj", "{2608FD13-7EFF-4410-8F66-F51C01766B1D}"
EndProject
Project("{888888A0-9F3D-457C-B088-3A5042F75D52}") = "bài10", "bài10\bài10.pyproj", "{C6855EF2-21AC-4677-AF06-795B36DFF689}"
EndProject
Project("{888888A0-9F3D-457C-B088-3A5042F75D52}") = "bài13", "bài13\bài13.pyproj", "{6333FF8B-474C-4F7E-BE7E-B3425FF746D3}"
EndProject
Project("{888888A0-9F3D-457C-B088-3A5042F75D52}") = "bài16", "bài16\bài16.pyproj", "{5A1F16C6-5783-4250-957E-5D2FC18A216B}"
EndProject
Project("{888888A0-9F3D-457C-B088-3A5042F75D52}") = "bài19", "bài19\bài19.pyproj", "{28414101-1C80-4336-95C6-BC96427BA8C9}"
EndProject
Project("{888888A0-9F3D-457C-B088-3A5042F75D52}") = "bài22", "bài22\bài22.pyproj", "{8D51C7EE-25C6-4D10-B4B9-E86145184C55}"
EndProject
Project("{888888A0-9F3D-457C-B088-3A5042F75D52}") = "bài25", "bài25\bài25.pyproj", "{62CB555E-E480-4B7D-B8C7-F164E0541A9D}"
EndProject
Project("{888888A0-9F3D-457C-B088-3A5042F75D52}") = "bài28", "bài28\bài28.pyproj", "{B7E05D2B-8472-4EBB-8542-B2108FB87A06}"
EndProject
Project("{888888A0-9F3D-457C-B088-3A5042F75D52}") = "bài31", "bài31\bài31.pyproj", "{1662B233-D533-4C18-88CE-579734955792}"
EndProject
Project("{888888A0-9F3D-457C-B088-3A5042F75D52}") = "Bài34", "Bài34\Bài34.pyproj", "{5E4833C2-F531-425F-8F98-55362E4E3749}"
EndProject
Project("{888888A0-9F3D-457C-B088-3A5042F75D52}") = "bài37", "bài37\bài37.pyproj", "{3716A989-669A-4EA8-89A0-06BC9BF36E28}"
EndProject
Project("{888888A0-9F3D-457C-B088-3A5042F75D52}") = "bài40", "bài40\bài40.pyproj", "{4EC3C647-BE22-4D2F-A8BA-BA53D27DF4AC}"
EndProject
Project("{888888A0-9F3D-457C-B088-3A5042F75D52}") = "bài43", "bài43\bài43.pyproj", "{337B9176-F432-4C36-820B-C70EA7263C38}"
EndProject
Project("{888888A0-9F3D-457C-B088-3A5042F75D52}") = "bài46", "bài46\bài46.pyproj", "{F870436F-68EF-41AE-A908-07543F3491D2}"
EndProject
Project("{888888A0-9F3D-457C-B088-3A5042F75D52}") = "bài49", "bài49\bài49.pyproj", "{9FCF4A90-A4AA-4BAA-9EE8-520E9649D076}"
EndProject
Project("{888888A0-9F3D-457C-B088-3A5042F75D52}") = "bài52", "bài52\bài52.pyproj", "{9B747794-1ACC-4976-BD67-1CA12F76C93E}"
EndProject
Project("{888888A0-9F3D-457C-B088-3A5042F75D52}") = "bài55", "bài55\bài55.pyproj", "{9781E46A-569A-4750-B8C0-B63707F5B51B}"
EndProject
Project("{888888A0-9F3D-457C-B088-3A5042F75D52}") = "bài58", "bài58\bài58.pyproj", "{633067B2-FE22-45DE-8421-21A07AE9F048}"
EndProject
Project("{888888A0-9F3D-457C-B088-3A5042F75D52}") = "bài61", "bài61\bài61.pyproj", "{4BC36C22-0DDE-4D61-92D0-60CCAD640170}"
EndProject
Project("{888888A0-9F3D-457C-B088-3A5042F75D52}") = "bài64", "bài64\bài64.pyproj", "{DA63BCC6-8AFC-457A-8D92-EA6BE54A360A}"
EndProject
Project("{888888A0-9F3D-457C-B088-3A5042F75D52}") = "bài70", "bài70\bài70.pyproj", "{43DF2A91-B68D-46FF-8D8D-FFE6594EDADC}"
EndProject
Project("{888888A0-9F3D-457C-B088-3A5042F75D52}") = "bài73", "bài73\bài73.pyproj", "{4E945079-E230-45F8-9BD1-97366CC74565}"
EndProject
Project("{888888A0-9F3D-457C-B088-3A5042F75D52}") = "bài76", "bài76\bài76.pyproj", "{D8FC24CF-7D97-4D07-9189-DE14342C9939}"
EndProject
Project("{888888A0-9F3D-457C-B088-3A5042F75D52}") = "bài79", "bài79\bài79.pyproj", "{DEB2A3D4-CAFB-49FA-BD9B-4615536592C3}"
EndProject
Project("{888888A0-9F3D-457C-B088-3A5042F75D52}") = "bài82", "bài82\bài82.pyproj", "{4069098A-B35B-4D30-A554-AE98BF9A2508}"
EndProject
Project("{888888A0-9F3D-457C-B088-3A5042F75D52}") = "bài85", "bài85\bài85.pyproj", "{5B003BD2-5249-440B-94E7-1662517E1B2D}"
EndProject
Project("{888888A0-9F3D-457C-B088-3A5042F75D52}") = "bài88", "bài88\bài88.pyproj", "{66D3C756-6A3A-44DF-930A-7C79305C0286}"
EndProject
Project("{888888A0-9F3D-457C-B088-3A5042F75D52}") = "bài91", "bài91\bài91.pyproj", "{45C7779B-FC8F-415D-90B3-845AA6DE7BC1}"
EndProject
Project("{888888A0-9F3D-457C-B088-3A5042F75D52}") = "bài94", "bài94\bài94.pyproj", "{8AF8D47A-32B2-4E0C-AB0F-D662CD00310D}"
EndProject
Project("{888888A0-9F3D-457C-B088-3A5042F75D52}") = "bài97", "bài97\bài97.pyproj", "{4D7A92AC-FD04-447F-91FB-2F9A7E05181B}"
EndProject
Project("{888888A0-9F3D-457C-B088-3A5042F75D52}") = "bài67", "bài67\bài67.pyproj", "{9CCC62D5-C366-4DAA-B2DB-FF925F217A06}"
EndProject
Project("{888888A0-9F3D-457C-B088-3A5042F75D52}") = "bài100", "bài100\bài100.pyproj", "{A9975108-66D4-43E3-9F2A-48EEA8DFBC37}"
EndProject
Project("{888888A0-9F3D-457C-B088-3A5042F75D52}") = "bài103", "bài103\bài103.pyproj", "{91A8948B-7620-4DB4-BF07-EA3E97F03874}"
EndProject
Project("{888888A0-9F3D-457C-B088-3A5042F75D52}") = "bài106", "bài106\bài106.pyproj", "{05366B6C-F0FF-4694-BCAA-ECFEF4F2FEED}"
EndProject
Project("{888888A0-9F3D-457C-B088-3A5042F75D52}") = "bài109", "bài109\bài109.pyproj", "{549D86AD-1959-458D-B6FC-3883227A4BC5}"
EndProject
Project("{888888A0-9F3D-457C-B088-3A5042F75D52}") = "bài112", "bài112\bài112.pyproj", "{2AF04F97-1BDB-479C-8E67-0F8ECE3C3972}"
EndProject
Project("{888888A0-9F3D-457C-B088-3A5042F75D52}") = "bài115", "bài115\bài115.pyproj", "{ED36EB7C-F05F-4A38-BFCC-A42470F10F63}"
EndProject
Project("{888888A0-9F3D-457C-B088-3A5042F75D52}") = "bài118", "bài118\bài118.pyproj", "{6613EA99-10C6-4A0C-A86D-9F907E83AE5E}"
EndProject
Project("{888888A0-9F3D-457C-B088-3A5042F75D52}") = "bài121", "bài121\bài121.pyproj", "{DE46B54B-C24B-43D3-BCE9-C738A47F7EB4}"
EndProject
Project("{888888A0-9F3D-457C-B088-3A5042F75D52}") = "bài124", "bài124\bài124.pyproj", "{6130A3F3-13E7-4259-8323-B5ADD6071F18}"
EndProject
Project("{888888A0-9F3D-457C-B088-3A5042F75D52}") = "bài127", "bài127\bài127.pyproj", "{35DBEA3F-42A9-4BEB-83FD-4B1B06ED8C05}"
EndProject
Project("{888888A0-9F3D-457C-B088-3A5042F75D52}") = "bài130", "bài130\bài130.pyproj", "{C4CAAE1E-5C75-45D8-BE58-1156AEFD5E94}"
EndProject
Project("{888888A0-9F3D-457C-B088-3A5042F75D52}") = "bài133", "bài133\bài133.pyproj", "{C1B1C562-3FDF-4031-90BB-A416F36B2FEA}"
EndProject
Project("{888888A0-9F3D-457C-B088-3A5042F75D52}") = "bài136", "bài136\bài136.pyproj", "{9BCA8C31-DAA8-4360-95F2-7360D8283837}"
EndProject
Project("{888888A0-9F3D-457C-B088-3A5042F75D52}") = "bài139", "bài139\bài139.pyproj", "{D1754877-6173-4FD8-982C-DC9F002949B8}"
EndProject
Project("{888888A0-9F3D-457C-B088-3A5042F75D52}") = "bài142", "bài142\bài142.pyproj", "{38F0DB45-1620-4EE6-B111-A9203FF02AF2}"
EndProject
Project("{888888A0-9F3D-457C-B088-3A5042F75D52}") = "bài145", "bài145\bài145.pyproj", "{00FC3A57-DDF3-465B-B2C0-87E20E53B5DC}"
EndProject
Project("{888888A0-9F3D-457C-B088-3A5042F75D52}") = "bài148", "bài148\bài148.pyproj", "{45F73E77-9CF3-41CA-8053-4FD39031E5F1}"
EndProject
Project("{888888A0-9F3D-457C-B088-3A5042F75D52}") = "bài151", "bài151\bài151.pyproj", "{1C7B22C1-C14C-4C1F-BE0D-DBEFC45938BC}"
EndProject
Project("{888888A0-9F3D-457C-B088-3A5042F75D52}") = "bài154", "bài154\bài154.pyproj", "{561EA6E1-8A55-4A36-86BA-92D709ADC5BB}"
EndProject
Project("{888888A0-9F3D-457C-B088-3A5042F75D52}") = "bài157", "bài157\bài157.pyproj", "{A7EEF765-2057-406E-B414-A70A5AC321F1}"
EndProject
Project("{888888A0-9F3D-457C-B088-3A5042F75D52}") = "bài160", "bài160\bài160.pyproj", "{B793E5E6-3B6F-417A-A400-5F87870654AC}"
EndProject
Project("{888888A0-9F3D-457C-B088-3A5042F75D52}") = "bài163", "bài163\bài163.pyproj", "{6143E03C-82F6-4ECB-B06B-17612F6201DD}"
EndProject
Project("{888888A0-9F3D-457C-B088-3A5042F75D52}") = "bài166", "bài166\bài166.pyproj", "{F5B8869A-84D2-4FC6-AB54-41B3F508CFC8}"
EndProject
Project("{888888A0-9F3D-457C-B088-3A5042F75D52}") = "bai2", "bai2\bai2.pyproj", "{7E9EE782-1CFB-4AF8-B32E-5AA8DC530666}"
EndProject
Project("{888888A0-9F3D-457C-B088-3A5042F75D52}") = "bài5", "bài5\bài5.pyproj", "{97E2F3AE-DB6B-41E2-AA55-1B4B6C25C3A0}"
EndProject
Project("{888888A0-9F3D-457C-B088-3A5042F75D52}") = "bài8", "bài8\bài8.pyproj", "{3DF4F98E-6EC1-4627-8062-4C7F3BE62807}"
EndProject
Project("{888888A0-9F3D-457C-B088-3A5042F75D52}") = "bài11", "bài11\bài11.pyproj", "{90D03E77-CD7D-48D5-A404-3C345E569C9E}"
EndProject
Project("{888888A0-9F3D-457C-B088-3A5042F75D52}") = "bài14", "bài14\bài14.pyproj", "{7784D005-281B-4AF2-A147-6A66B1CAE197}"
EndProject
Project("{888888A0-9F3D-457C-B088-3A5042F75D52}") = "bài17", "bài17\bài17.pyproj", "{3F967A19-CD50-41C8-A539-2FAD3C6A37A2}"
EndProject
Project("{888888A0-9F3D-457C-B088-3A5042F75D52}") = "bài20", "bài20\bài20.pyproj", "{1ED8D924-FC61-4184-AED0-9A791918EA9D}"
EndProject
Project("{888888A0-9F3D-457C-B088-3A5042F75D52}") = "bài23", "bài23\bài23.pyproj", "{A5C7F9AA-F432-47B3-BE44-624673C59C48}"
EndProject
Project("{888888A0-9F3D-457C-B088-3A5042F75D52}") = "bài26", "bài26\bài26.pyproj", "{EB2DB930-9635-408B-8430-62899CFE77DA}"
EndProject
Project("{888888A0-9F3D-457C-B088-3A5042F75D52}") = "bài29", "bài29\bài29.pyproj", "{C2E93188-5E38-4AD6-9BDA-29CF43FCDB92}"
EndProject
Project("{888888A0-9F3D-457C-B088-3A5042F75D52}") = "bài32", "bài32\bài32.pyproj", "{68E2C532-8AA0-4957-BFFB-D5EC080A7325}"
EndProject
Project("{888888A0-9F3D-457C-B088-3A5042F75D52}") = "bài35", "bài35\bài35.pyproj", "{D004A010-63A6-4126-9DD4-BB9D9FAD765E}"
EndProject
Project("{888888A0-9F3D-457C-B088-3A5042F75D52}") = "bài38", "bài38\bài38.pyproj", "{B466A324-ACC7-4646-B13E-A902D749BECB}"
EndProject
Project("{888888A0-9F3D-457C-B088-3A5042F75D52}") = "bài41", "bài41\bài41.pyproj", "{7FB7AF2D-A7FB-4DD2-9865-27236D8722B2}"
EndProject
Project("{888888A0-9F3D-457C-B088-3A5042F75D52}") = "bài44", "bài44\bài44.pyproj", "{324C1F86-F513-445A-AD26-495D4CC780FF}"
EndProject
Project("{888888A0-9F3D-457C-B088-3A5042F75D52}") = "bài47", "bài47\bài47.pyproj", "{3EE58D9C-1180-443B-A1B2-114B5AB4FE18}"
EndProject
Project("{888888A0-9F3D-457C-B088-3A5042F75D52}") = "bài50", "bài50\bài50.pyproj", "{BADEA485-AD45-432B-8B0B-DB5231A4230C}"
EndProject
Project("{888888A0-9F3D-457C-B088-3A5042F75D52}") = "bài53", "bài53\bài53.pyproj", "{AD59A4C7-4B75-4F97-8076-840D1313A62A}"
EndProject
Project("{888888A0-9F3D-457C-B088-3A5042F75D52}") = "bài56", "bài56\bài56.pyproj", "{54A95016-2B38-4732-84AB-8FFCA29DE8A5}"
EndProject
Project("{888888A0-9F3D-457C-B088-3A5042F75D52}") = "bài59", "bài59\bài59.pyproj", "{E41D6636-0BA4-41A1-8A85-852ACF7C5DD4}"
EndProject
Project("{888888A0-9F3D-457C-B088-3A5042F75D52}") = "bài62", "bài62\bài62.pyproj", "{AF0C0FC8-EBB0-406C-BB76-9A8467D82532}"
EndProject
Project("{888888A0-9F3D-457C-B088-3A5042F75D52}") = "bài65", "bài65\bài65.pyproj", "{33E677AC-9C42-4769-8C7B-485E69AA0929}"
EndProject
Project("{888888A0-9F3D-457C-B088-3A5042F75D52}") = "bài68", "bài68\bài68.pyproj", "{C9160244-FC69-43F4-A105-06F0703A9B79}"
EndProject
Project("{888888A0-9F3D-457C-B088-3A5042F75D52}") = "bài71", "bài71\bài71.pyproj", "{8AD7A239-7CA3-47FA-B693-187317C6051A}"
EndProject
Project("{888888A0-9F3D-457C-B088-3A5042F75D52}") = "bài74", "bài74\bài74.pyproj", "{F455EF95-3B03-4E7E-A374-DA31EA625759}"
EndProject
Project("{888888A0-9F3D-457C-B088-3A5042F75D52}") = "bài77", "bài77\bài77.pyproj", "{CCF05723-9823-4623-B35D-CB3B60E2C575}"
EndProject
Project("{888888A0-9F3D-457C-B088-3A5042F75D52}") = "bài80", "bài80\bài80.pyproj", "{E1AB4446-0163-45A8-9EA4-D3B654DEF857}"
EndProject
Project("{888888A0-9F3D-457C-B088-3A5042F75D52}") = "bài83", "bài83\bài83.pyproj", "{261534C3-23DE-42EB-A8E6-FC9215BDD673}"
EndProject
Project("{888888A0-9F3D-457C-B088-3A5042F75D52}") = "bài86", "bài86\bài86.pyproj", "{2EAB7FD3-6E04-4E6F-B439-3D6C9822F9A3}"
EndProject
Project("{888888A0-9F3D-457C-B088-3A5042F75D52}") = "bài89", "bài89\bài89.pyproj", "{77196E05-B08E-4EAF-AB86-A6BE813EF1D6}"
EndProject
Project("{888888A0-9F3D-457C-B088-3A5042F75D52}") = "bài92", "bài92\bài92.pyproj", "{64584A62-8D06-44BA-AF34-484F92CEDA8A}"
EndProject
Project("{888888A0-9F3D-457C-B088-3A5042F75D52}") = "bài95", "bài95\bài95.pyproj", "{009A4F31-4E5E-4067-B148-5F3945E688E5}"
EndProject
Project("{888888A0-9F3D-457C-B088-3A5042F75D52}") = "bài98", "bài98\bài98.pyproj", "{763D2D48-3974-4182-870E-127D9A60B568}"
EndProject
Project("{888888A0-9F3D-457C-B088-3A5042F75D52}") = "Bài 3", "Bài 3\Bài 3.pyproj", "{35E20379-7BD0-4780-B63B-4FE711935729}"
EndProject
Project("{888888A0-9F3D-457C-B088-3A5042F75D52}") = "Bài6", "Bài6\Bài6.pyproj", "{DB847986-EA40-4255-875C-AD5883739CD1}"
EndProject
Project("{888888A0-9F3D-457C-B088-3A5042F75D52}") = "Bài9", "Bài9\Bài9.pyproj", "{FCE52AED-1996-423B-A23C-F8AC52CEBD71}"
EndProject
Project("{888888A0-9F3D-457C-B088-3A5042F75D52}") = "Bài12", "Bài12\Bài12.pyproj", "{ABE36954-2699-40EC-99B3-791B148219F4}"
EndProject
Global
	GlobalSection(SolutionConfigurationPlatforms) = preSolution
		Debug|Any CPU = Debug|Any CPU
		Release|Any CPU = Release|Any CPU
	EndGlobalSection
	GlobalSection(ProjectConfigurationPlatforms) = postSolution
		{F3B40425-22E2-4A26-8450-AD16A391DB54}.Debug|Any CPU.ActiveCfg = Debug|Any CPU
		{F3B40425-22E2-4A26-8450-AD16A391DB54}.Release|Any CPU.ActiveCfg = Release|Any CPU
		{33B252FA-BE57-44E2-80BE-FDC4FB4233DD}.Debug|Any CPU.ActiveCfg = Debug|Any CPU
		{33B252FA-BE57-44E2-80BE-FDC4FB4233DD}.Release|Any CPU.ActiveCfg = Release|Any CPU
		{2608FD13-7EFF-4410-8F66-F51C01766B1D}.Debug|Any CPU.ActiveCfg = Debug|Any CPU
		{2608FD13-7EFF-4410-8F66-F51C01766B1D}.Release|Any CPU.ActiveCfg = Release|Any CPU
		{C6855EF2-21AC-4677-AF06-795B36DFF689}.Debug|Any CPU.ActiveCfg = Debug|Any CPU
		{C6855EF2-21AC-4677-AF06-795B36DFF689}.Release|Any CPU.ActiveCfg = Release|Any CPU
		{6333FF8B-474C-4F7E-BE7E-B3425FF746D3}.Debug|Any CPU.ActiveCfg = Debug|Any CPU
		{6333FF8B-474C-4F7E-BE7E-B3425FF746D3}.Release|Any CPU.ActiveCfg = Release|Any CPU
		{5A1F16C6-5783-4250-957E-5D2FC18A216B}.Debug|Any CPU.ActiveCfg = Debug|Any CPU
		{5A1F16C6-5783-4250-957E-5D2FC18A216B}.Release|Any CPU.ActiveCfg = Release|Any CPU
		{28414101-1C80-4336-95C6-BC96427BA8C9}.Debug|Any CPU.ActiveCfg = Debug|Any CPU
		{28414101-1C80-4336-95C6-BC96427BA8C9}.Release|Any CPU.ActiveCfg = Release|Any CPU
		{8D51C7EE-25C6-4D10-B4B9-E86145184C55}.Debug|Any CPU.ActiveCfg = Debug|Any CPU
		{8D51C7EE-25C6-4D10-B4B9-E86145184C55}.Release|Any CPU.ActiveCfg = Release|Any CPU
		{62CB555E-E480-4B7D-B8C7-F164E0541A9D}.Debug|Any CPU.ActiveCfg = Debug|Any CPU
		{62CB555E-E480-4B7D-B8C7-F164E0541A9D}.Release|Any CPU.ActiveCfg = Release|Any CPU
		{B7E05D2B-8472-4EBB-8542-B2108FB87A06}.Debug|Any CPU.ActiveCfg = Debug|Any CPU
		{B7E05D2B-8472-4EBB-8542-B2108FB87A06}.Release|Any CPU.ActiveCfg = Release|Any CPU
		{1662B233-D533-4C18-88CE-579734955792}.Debug|Any CPU.ActiveCfg = Debug|Any CPU
		{1662B233-D533-4C18-88CE-579734955792}.Release|Any CPU.ActiveCfg = Release|Any CPU
		{5E4833C2-F531-425F-8F98-55362E4E3749}.Debug|Any CPU.ActiveCfg = Debug|Any CPU
		{5E4833C2-F531-425F-8F98-55362E4E3749}.Release|Any CPU.ActiveCfg = Release|Any CPU
		{3716A989-669A-4EA8-89A0-06BC9BF36E28}.Debug|Any CPU.ActiveCfg = Debug|Any CPU
		{3716A989-669A-4EA8-89A0-06BC9BF36E28}.Release|Any CPU.ActiveCfg = Release|Any CPU
		{4EC3C647-BE22-4D2F-A8BA-BA53D27DF4AC}.Debug|Any CPU.ActiveCfg = Debug|Any CPU
		{4EC3C647-BE22-4D2F-A8BA-BA53D27DF4AC}.Release|Any CPU.ActiveCfg = Release|Any CPU
		{337B9176-F432-4C36-820B-C70EA7263C38}.Debug|Any CPU.ActiveCfg = Debug|Any CPU
		{337B9176-F432-4C36-820B-C70EA7263C38}.Release|Any CPU.ActiveCfg = Release|Any CPU
		{F870436F-68EF-41AE-A908-07543F3491D2}.Debug|Any CPU.ActiveCfg = Debug|Any CPU
		{F870436F-68EF-41AE-A908-07543F3491D2}.Release|Any CPU.ActiveCfg = Release|Any CPU
		{9FCF4A90-A4AA-4BAA-9EE8-520E9649D076}.Debug|Any CPU.ActiveCfg = Debug|Any CPU
		{9FCF4A90-A4AA-4BAA-9EE8-520E9649D076}.Release|Any CPU.ActiveCfg = Release|Any CPU
		{9B747794-1ACC-4976-BD67-1CA12F76C93E}.Debug|Any CPU.ActiveCfg = Debug|Any CPU
		{9B747794-1ACC-4976-BD67-1CA12F76C93E}.Release|Any CPU.ActiveCfg = Release|Any CPU
		{9781E46A-569A-4750-B8C0-B63707F5B51B}.Debug|Any CPU.ActiveCfg = Debug|Any CPU
		{9781E46A-569A-4750-B8C0-B63707F5B51B}.Release|Any CPU.ActiveCfg = Release|Any CPU
		{633067B2-FE22-45DE-8421-21A07AE9F048}.Debug|Any CPU.ActiveCfg = Debug|Any CPU
		{633067B2-FE22-45DE-8421-21A07AE9F048}.Release|Any CPU.ActiveCfg = Release|Any CPU
		{4BC36C22-0DDE-4D61-92D0-60CCAD640170}.Debug|Any CPU.ActiveCfg = Debug|Any CPU
		{4BC36C22-0DDE-4D61-92D0-60CCAD640170}.Release|Any CPU.ActiveCfg = Release|Any CPU
		{DA63BCC6-8AFC-457A-8D92-EA6BE54A360A}.Debug|Any CPU.ActiveCfg = Debug|Any CPU
		{DA63BCC6-8AFC-457A-8D92-EA6BE54A360A}.Release|Any CPU.ActiveCfg = Release|Any CPU
		{43DF2A91-B68D-46FF-8D8D-FFE6594EDADC}.Debug|Any CPU.ActiveCfg = Debug|Any CPU
		{43DF2A91-B68D-46FF-8D8D-FFE6594EDADC}.Release|Any CPU.ActiveCfg = Release|Any CPU
		{4E945079-E230-45F8-9BD1-97366CC74565}.Debug|Any CPU.ActiveCfg = Debug|Any CPU
		{4E945079-E230-45F8-9BD1-97366CC74565}.Release|Any CPU.ActiveCfg = Release|Any CPU
		{D8FC24CF-7D97-4D07-9189-DE14342C9939}.Debug|Any CPU.ActiveCfg = Debug|Any CPU
		{D8FC24CF-7D97-4D07-9189-DE14342C9939}.Release|Any CPU.ActiveCfg = Release|Any CPU
		{DEB2A3D4-CAFB-49FA-BD9B-4615536592C3}.Debug|Any CPU.ActiveCfg = Debug|Any CPU
		{DEB2A3D4-CAFB-49FA-BD9B-4615536592C3}.Release|Any CPU.ActiveCfg = Release|Any CPU
		{4069098A-B35B-4D30-A554-AE98BF9A2508}.Debug|Any CPU.ActiveCfg = Debug|Any CPU
		{4069098A-B35B-4D30-A554-AE98BF9A2508}.Release|Any CPU.ActiveCfg = Release|Any CPU
		{5B003BD2-5249-440B-94E7-1662517E1B2D}.Debug|Any CPU.ActiveCfg = Debug|Any CPU
		{5B003BD2-5249-440B-94E7-1662517E1B2D}.Release|Any CPU.ActiveCfg = Release|Any CPU
		{66D3C756-6A3A-44DF-930A-7C79305C0286}.Debug|Any CPU.ActiveCfg = Debug|Any CPU
		{66D3C756-6A3A-44DF-930A-7C79305C0286}.Release|Any CPU.ActiveCfg = Release|Any CPU
		{45C7779B-FC8F-415D-90B3-845AA6DE7BC1}.Debug|Any CPU.ActiveCfg = Debug|Any CPU
		{45C7779B-FC8F-415D-90B3-845AA6DE7BC1}.Release|Any CPU.ActiveCfg = Release|Any CPU
		{8AF8D47A-32B2-4E0C-AB0F-D662CD00310D}.Debug|Any CPU.ActiveCfg = Debug|Any CPU
		{8AF8D47A-32B2-4E0C-AB0F-D662CD00310D}.Release|Any CPU.ActiveCfg = Release|Any CPU
		{4D7A92AC-FD04-447F-91FB-2F9A7E05181B}.Debug|Any CPU.ActiveCfg = Debug|Any CPU
		{4D7A92AC-FD04-447F-91FB-2F9A7E05181B}.Release|Any CPU.ActiveCfg = Release|Any CPU
		{9CCC62D5-C366-4DAA-B2DB-FF925F217A06}.Debug|Any CPU.ActiveCfg = Debug|Any CPU
		{9CCC62D5-C366-4DAA-B2DB-FF925F217A06}.Release|Any CPU.ActiveCfg = Release|Any CPU
		{A9975108-66D4-43E3-9F2A-48EEA8DFBC37}.Debug|Any CPU.ActiveCfg = Debug|Any CPU
		{A9975108-66D4-43E3-9F2A-48EEA8DFBC37}.Release|Any CPU.ActiveCfg = Release|Any CPU
		{91A8948B-7620-4DB4-BF07-EA3E97F03874}.Debug|Any CPU.ActiveCfg = Debug|Any CPU
		{91A8948B-7620-4DB4-BF07-EA3E97F03874}.Release|Any CPU.ActiveCfg = Release|Any CPU
		{05366B6C-F0FF-4694-BCAA-ECFEF4F2FEED}.Debug|Any CPU.ActiveCfg = Debug|Any CPU
		{05366B6C-F0FF-4694-BCAA-ECFEF4F2FEED}.Release|Any CPU.ActiveCfg = Release|Any CPU
		{549D86AD-1959-458D-B6FC-3883227A4BC5}.Debug|Any CPU.ActiveCfg = Debug|Any CPU
		{549D86AD-1959-458D-B6FC-3883227A4BC5}.Release|Any CPU.ActiveCfg = Release|Any CPU
		{2AF04F97-1BDB-479C-8E67-0F8ECE3C3972}.Debug|Any CPU.ActiveCfg = Debug|Any CPU
		{2AF04F97-1BDB-479C-8E67-0F8ECE3C3972}.Release|Any CPU.ActiveCfg = Release|Any CPU
		{ED36EB7C-F05F-4A38-BFCC-A42470F10F63}.Debug|Any CPU.ActiveCfg = Debug|Any CPU
		{ED36EB7C-F05F-4A38-BFCC-A42470F10F63}.Release|Any CPU.ActiveCfg = Release|Any CPU
		{6613EA99-10C6-4A0C-A86D-9F907E83AE5E}.Debug|Any CPU.ActiveCfg = Debug|Any CPU
		{6613EA99-10C6-4A0C-A86D-9F907E83AE5E}.Release|Any CPU.ActiveCfg = Release|Any CPU
		{DE46B54B-C24B-43D3-BCE9-C738A47F7EB4}.Debug|Any CPU.ActiveCfg = Debug|Any CPU
		{DE46B54B-C24B-43D3-BCE9-C738A47F7EB4}.Release|Any CPU.ActiveCfg = Release|Any CPU
		{6130A3F3-13E7-4259-8323-B5ADD6071F18}.Debug|Any CPU.ActiveCfg = Debug|Any CPU
		{6130A3F3-13E7-4259-8323-B5ADD6071F18}.Release|Any CPU.ActiveCfg = Release|Any CPU
		{35DBEA3F-42A9-4BEB-83FD-4B1B06ED8C05}.Debug|Any CPU.ActiveCfg = Debug|Any CPU
		{35DBEA3F-42A9-4BEB-83FD-4B1B06ED8C05}.Release|Any CPU.ActiveCfg = Release|Any CPU
		{C4CAAE1E-5C75-45D8-BE58-1156AEFD5E94}.Debug|Any CPU.ActiveCfg = Debug|Any CPU
		{C4CAAE1E-5C75-45D8-BE58-1156AEFD5E94}.Release|Any CPU.ActiveCfg = Release|Any CPU
		{C1B1C562-3FDF-4031-90BB-A416F36B2FEA}.Debug|Any CPU.ActiveCfg = Debug|Any CPU
		{C1B1C562-3FDF-4031-90BB-A416F36B2FEA}.Release|Any CPU.ActiveCfg = Release|Any CPU
		{9BCA8C31-DAA8-4360-95F2-7360D8283837}.Debug|Any CPU.ActiveCfg = Debug|Any CPU
		{9BCA8C31-DAA8-4360-95F2-7360D8283837}.Release|Any CPU.ActiveCfg = Release|Any CPU
		{D1754877-6173-4FD8-982C-DC9F002949B8}.Debug|Any CPU.ActiveCfg = Debug|Any CPU
		{D1754877-6173-4FD8-982C-DC9F002949B8}.Release|Any CPU.ActiveCfg = Release|Any CPU
		{38F0DB45-1620-4EE6-B111-A9203FF02AF2}.Debug|Any CPU.ActiveCfg = Debug|Any CPU
		{38F0DB45-1620-4EE6-B111-A9203FF02AF2}.Release|Any CPU.ActiveCfg = Release|Any CPU
		{00FC3A57-DDF3-465B-B2C0-87E20E53B5DC}.Debug|Any CPU.ActiveCfg = Debug|Any CPU
		{00FC3A57-DDF3-465B-B2C0-87E20E53B5DC}.Release|Any CPU.ActiveCfg = Release|Any CPU
		{45F73E77-9CF3-41CA-8053-4FD39031E5F1}.Debug|Any CPU.ActiveCfg = Debug|Any CPU
		{45F73E77-9CF3-41CA-8053-4FD39031E5F1}.Release|Any CPU.ActiveCfg = Release|Any CPU
		{1C7B22C1-C14C-4C1F-BE0D-DBEFC45938BC}.Debug|Any CPU.ActiveCfg = Debug|Any CPU
		{1C7B22C1-C14C-4C1F-BE0D-DBEFC45938BC}.Release|Any CPU.ActiveCfg = Release|Any CPU
		{561EA6E1-8A55-4A36-86BA-92D709ADC5BB}.Debug|Any CPU.ActiveCfg = Debug|Any CPU
		{561EA6E1-8A55-4A36-86BA-92D709ADC5BB}.Release|Any CPU.ActiveCfg = Release|Any CPU
		{A7EEF765-2057-406E-B414-A70A5AC321F1}.Debug|Any CPU.ActiveCfg = Debug|Any CPU
		{A7EEF765-2057-406E-B414-A70A5AC321F1}.Release|Any CPU.ActiveCfg = Release|Any CPU
		{B793E5E6-3B6F-417A-A400-5F87870654AC}.Debug|Any CPU.ActiveCfg = Debug|Any CPU
		{B793E5E6-3B6F-417A-A400-5F87870654AC}.Release|Any CPU.ActiveCfg = Release|Any CPU
		{6143E03C-82F6-4ECB-B06B-17612F6201DD}.Debug|Any CPU.ActiveCfg = Debug|Any CPU
		{6143E03C-82F6-4ECB-B06B-17612F6201DD}.Release|Any CPU.ActiveCfg = Release|Any CPU
		{F5B8869A-84D2-4FC6-AB54-41B3F508CFC8}.Debug|Any CPU.ActiveCfg = Debug|Any CPU
		{F5B8869A-84D2-4FC6-AB54-41B3F508CFC8}.Release|Any CPU.ActiveCfg = Release|Any CPU
		{7E9EE782-1CFB-4AF8-B32E-5AA8DC530666}.Debug|Any CPU.ActiveCfg = Debug|Any CPU
		{7E9EE782-1CFB-4AF8-B32E-5AA8DC530666}.Release|Any CPU.ActiveCfg = Release|Any CPU
		{97E2F3AE-DB6B-41E2-AA55-1B4B6C25C3A0}.Debug|Any CPU.ActiveCfg = Debug|Any CPU
		{97E2F3AE-DB6B-41E2-AA55-1B4B6C25C3A0}.Release|Any CPU.ActiveCfg = Release|Any CPU
		{3DF4F98E-6EC1-4627-8062-4C7F3BE62807}.Debug|Any CPU.ActiveCfg = Debug|Any CPU
		{3DF4F98E-6EC1-4627-8062-4C7F3BE62807}.Release|Any CPU.ActiveCfg = Release|Any CPU
		{90D03E77-CD7D-48D5-A404-3C345E569C9E}.Debug|Any CPU.ActiveCfg = Debug|Any CPU
		{90D03E77-CD7D-48D5-A404-3C345E569C9E}.Release|Any CPU.ActiveCfg = Release|Any CPU
		{7784D005-281B-4AF2-A147-6A66B1CAE197}.Debug|Any CPU.ActiveCfg = Debug|Any CPU
		{7784D005-281B-4AF2-A147-6A66B1CAE197}.Release|Any CPU.ActiveCfg = Release|Any CPU
		{3F967A19-CD50-41C8-A539-2FAD3C6A37A2}.Debug|Any CPU.ActiveCfg = Debug|Any CPU
		{3F967A19-CD50-41C8-A539-2FAD3C6A37A2}.Release|Any CPU.ActiveCfg = Release|Any CPU
		{1ED8D924-FC61-4184-AED0-9A791918EA9D}.Debug|Any CPU.ActiveCfg = Debug|Any CPU
		{1ED8D924-FC61-4184-AED0-9A791918EA9D}.Release|Any CPU.ActiveCfg = Release|Any CPU
		{A5C7F9AA-F432-47B3-BE44-624673C59C48}.Debug|Any CPU.ActiveCfg = Debug|Any CPU
		{A5C7F9AA-F432-47B3-BE44-624673C59C48}.Release|Any CPU.ActiveCfg = Release|Any CPU
		{EB2DB930-9635-408B-8430-62899CFE77DA}.Debug|Any CPU.ActiveCfg = Debug|Any CPU
		{EB2DB930-9635-408B-8430-62899CFE77DA}.Release|Any CPU.ActiveCfg = Release|Any CPU
		{C2E93188-5E38-4AD6-9BDA-29CF43FCDB92}.Debug|Any CPU.ActiveCfg = Debug|Any CPU
		{C2E93188-5E38-4AD6-9BDA-29CF43FCDB92}.Release|Any CPU.ActiveCfg = Release|Any CPU
		{68E2C532-8AA0-4957-BFFB-D5EC080A7325}.Debug|Any CPU.ActiveCfg = Debug|Any CPU
		{68E2C532-8AA0-4957-BFFB-D5EC080A7325}.Release|Any CPU.ActiveCfg = Release|Any CPU
		{D004A010-63A6-4126-9DD4-BB9D9FAD765E}.Debug|Any CPU.ActiveCfg = Debug|Any CPU
		{D004A010-63A6-4126-9DD4-BB9D9FAD765E}.Release|Any CPU.ActiveCfg = Release|Any CPU
		{B466A324-ACC7-4646-B13E-A902D749BECB}.Debug|Any CPU.ActiveCfg = Debug|Any CPU
		{B466A324-ACC7-4646-B13E-A902D749BECB}.Release|Any CPU.ActiveCfg = Release|Any CPU
		{7FB7AF2D-A7FB-4DD2-9865-27236D8722B2}.Debug|Any CPU.ActiveCfg = Debug|Any CPU
		{7FB7AF2D-A7FB-4DD2-9865-27236D8722B2}.Release|Any CPU.ActiveCfg = Release|Any CPU
		{324C1F86-F513-445A-AD26-495D4CC780FF}.Debug|Any CPU.ActiveCfg = Debug|Any CPU
		{324C1F86-F513-445A-AD26-495D4CC780FF}.Release|Any CPU.ActiveCfg = Release|Any CPU
		{3EE58D9C-1180-443B-A1B2-114B5AB4FE18}.Debug|Any CPU.ActiveCfg = Debug|Any CPU
		{3EE58D9C-1180-443B-A1B2-114B5AB4FE18}.Release|Any CPU.ActiveCfg = Release|Any CPU
		{BADEA485-AD45-432B-8B0B-DB5231A4230C}.Debug|Any CPU.ActiveCfg = Debug|Any CPU
		{BADEA485-AD45-432B-8B0B-DB5231A4230C}.Release|Any CPU.ActiveCfg = Release|Any CPU
		{AD59A4C7-4B75-4F97-8076-840D1313A62A}.Debug|Any CPU.ActiveCfg = Debug|Any CPU
		{AD59A4C7-4B75-4F97-8076-840D1313A62A}.Release|Any CPU.ActiveCfg = Release|Any CPU
		{54A95016-2B38-4732-84AB-8FFCA29DE8A5}.Debug|Any CPU.ActiveCfg = Debug|Any CPU
		{54A95016-2B38-4732-84AB-8FFCA29DE8A5}.Release|Any CPU.ActiveCfg = Release|Any CPU
		{E41D6636-0BA4-41A1-8A85-852ACF7C5DD4}.Debug|Any CPU.ActiveCfg = Debug|Any CPU
		{E41D6636-0BA4-41A1-8A85-852ACF7C5DD4}.Release|Any CPU.ActiveCfg = Release|Any CPU
		{AF0C0FC8-EBB0-406C-BB76-9A8467D82532}.Debug|Any CPU.ActiveCfg = Debug|Any CPU
		{AF0C0FC8-EBB0-406C-BB76-9A8467D82532}.Release|Any CPU.ActiveCfg = Release|Any CPU
		{33E677AC-9C42-4769-8C7B-485E69AA0929}.Debug|Any CPU.ActiveCfg = Debug|Any CPU
		{33E677AC-9C42-4769-8C7B-485E69AA0929}.Release|Any CPU.ActiveCfg = Release|Any CPU
		{C9160244-FC69-43F4-A105-06F0703A9B79}.Debug|Any CPU.ActiveCfg = Debug|Any CPU
		{C9160244-FC69-43F4-A105-06F0703A9B79}.Release|Any CPU.ActiveCfg = Release|Any CPU
		{8AD7A239-7CA3-47FA-B693-187317C6051A}.Debug|Any CPU.ActiveCfg = Debug|Any CPU
		{8AD7A239-7CA3-47FA-B693-187317C6051A}.Release|Any CPU.ActiveCfg = Release|Any CPU
		{F455EF95-3B03-4E7E-A374-DA31EA625759}.Debug|Any CPU.ActiveCfg = Debug|Any CPU
		{F455EF95-3B03-4E7E-A374-DA31EA625759}.Release|Any CPU.ActiveCfg = Release|Any CPU
		{CCF05723-9823-4623-B35D-CB3B60E2C575}.Debug|Any CPU.ActiveCfg = Debug|Any CPU
		{CCF05723-9823-4623-B35D-CB3B60E2C575}.Release|Any CPU.ActiveCfg = Release|Any CPU
		{E1AB4446-0163-45A8-9EA4-D3B654DEF857}.Debug|Any CPU.ActiveCfg = Debug|Any CPU
		{E1AB4446-0163-45A8-9EA4-D3B654DEF857}.Release|Any CPU.ActiveCfg = Release|Any CPU
		{261534C3-23DE-42EB-A8E6-FC9215BDD673}.Debug|Any CPU.ActiveCfg = Debug|Any CPU
		{261534C3-23DE-42EB-A8E6-FC9215BDD673}.Release|Any CPU.ActiveCfg = Release|Any CPU
		{2EAB7FD3-6E04-4E6F-B439-3D6C9822F9A3}.Debug|Any CPU.ActiveCfg = Debug|Any CPU
		{2EAB7FD3-6E04-4E6F-B439-3D6C9822F9A3}.Release|Any CPU.ActiveCfg = Release|Any CPU
		{77196E05-B08E-4EAF-AB86-A6BE813EF1D6}.Debug|Any CPU.ActiveCfg = Debug|Any CPU
		{77196E05-B08E-4EAF-AB86-A6BE813EF1D6}.Release|Any CPU.ActiveCfg = Release|Any CPU
		{64584A62-8D06-44BA-AF34-484F92CEDA8A}.Debug|Any CPU.ActiveCfg = Debug|Any CPU
		{64584A62-8D06-44BA-AF34-484F92CEDA8A}.Release|Any CPU.ActiveCfg = Release|Any CPU
		{009A4F31-4E5E-4067-B148-5F3945E688E5}.Debug|Any CPU.ActiveCfg = Debug|Any CPU
		{009A4F31-4E5E-4067-B148-5F3945E688E5}.Release|Any CPU.ActiveCfg = Release|Any CPU
		{763D2D48-3974-4182-870E-127D9A60B568}.Debug|Any CPU.ActiveCfg = Debug|Any CPU
		{763D2D48-3974-4182-870E-127D9A60B568}.Release|Any CPU.ActiveCfg = Release|Any CPU
		{35E20379-7BD0-4780-B63B-4FE711935729}.Debug|Any CPU.ActiveCfg = Debug|Any CPU
		{35E20379-7BD0-4780-B63B-4FE711935729}.Release|Any CPU.ActiveCfg = Release|Any CPU
		{DB847986-EA40-4255-875C-AD5883739CD1}.Debug|Any CPU.ActiveCfg = Debug|Any CPU
		{DB847986-EA40-4255-875C-AD5883739CD1}.Release|Any CPU.ActiveCfg = Release|Any CPU
		{FCE52AED-1996-423B-A23C-F8AC52CEBD71}.Debug|Any CPU.ActiveCfg = Debug|Any CPU
		{FCE52AED-1996-423B-A23C-F8AC52CEBD71}.Release|Any CPU.ActiveCfg = Release|Any CPU
		{ABE36954-2699-40EC-99B3-791B148219F4}.Debug|Any CPU.ActiveCfg = Debug|Any CPU
		{ABE36954-2699-40EC-99B3-791B148219F4}.Release|Any CPU.ActiveCfg = Release|Any CPU
	EndGlobalSection
	GlobalSection(SolutionProperties) = preSolution
		HideSolutionNode = FALSE
	EndGlobalSection
	GlobalSection(ExtensibilityGlobals) = postSolution
		SolutionGuid = {9CC51D18-905C-46F2-B672-8F109B9CBE9E}
	EndGlobalSection
EndGlobal
