
Microsoft Visual Studio Solution File, Format Version 12.00
# Visual Studio Version 17
VisualStudioVersion = 17.7.34031.279
MinimumVisualStudioVersion = 10.0.40219.1
Project("{888888A0-9F3D-457C-B088-3A5042F75D52}") = "bài1", "bài1\bài1.pyproj", "{F3B40425-22E2-4A26-8450-AD16A391DB54}"
EndProject
Project("{888888A0-9F3D-457C-B088-3A5042F75D52}") = "bài4", "bài4\bài4.pyproj", "{33B252FA-BE57-44E2-80BE-FDC4FB4233DD}"
EndProject
Project("{888888A0-9F3D-457C-B088-3A5042F75D52}") = "bài7", "bài7\bài7.pyproj", "{2608FD13-7EFF-4410-8F66-F51C01766B1D}"
EndProject
Project("{888888A0-9F3D-457C-B088-3A5042F75D52}") = "bài10", "bài10\bài10.pyproj", "{C6855EF2-21AC-4677-AF06-795B36DFF689}"
EndProject
Project("{888888A0-9F3D-457C-B088-3A5042F75D52}") = "bài13", "bài13\bài13.pyproj", "{6333FF8B-474C-4F7E-BE7E-B3425FF746D3}"
EndProject
Project("{888888A0-9F3D-457C-B088-3A5042F75D52}") = "bài16", "bài16\bài16.pyproj", "{5A1F16C6-5783-4250-957E-5D2FC18A216B}"
EndProject
Project("{888888A0-9F3D-457C-B088-3A5042F75D52}") = "bài19", "bài19\bài19.pyproj", "{28414101-1C80-4336-95C6-BC96427BA8C9}"
EndProject
Project("{888888A0-9F3D-457C-B088-3A5042F75D52}") = "bài22", "bài22\bài22.pyproj", "{8D51C7EE-25C6-4D10-B4B9-E86145184C55}"
EndProject
Project("{888888A0-9F3D-457C-B088-3A5042F75D52}") = "bài25", "bài25\bài25.pyproj", "{62CB555E-E480-4B7D-B8C7-F164E0541A9D}"
EndProject
Project("{888888A0-9F3D-457C-B088-3A5042F75D52}") = "bài28", "bài28\bài28.pyproj", "{B7E05D2B-8472-4EBB-8542-B2108FB87A06}"
EndProject
Project("{888888A0-9F3D-457C-B088-3A5042F75D52}") = "bài31", "bài31\bài31.pyproj", "{1662B233-D533-4C18-88CE-579734955792}"
EndProject
Project("{888888A0-9F3D-457C-B088-3A5042F75D52}") = "Bài34", "Bài34\Bài34.pyproj", "{5E4833C2-F531-425F-8F98-55362E4E3749}"
EndProject
Project("{888888A0-9F3D-457C-B088-3A5042F75D52}") = "bài37", "bài37\bài37.pyproj", "{3716A989-669A-4EA8-89A0-06BC9BF36E28}"
EndProject
Project("{888888A0-9F3D-457C-B088-3A5042F75D52}") = "bài40", "bài40\bài40.pyproj", "{4EC3C647-BE22-4D2F-A8BA-BA53D27DF4AC}"
EndProject
Project("{888888A0-9F3D-457C-B088-3A5042F75D52}") = "bài43", "bài43\bài43.pyproj", "{337B9176-F432-4C36-820B-C70EA7263C38}"
EndProject
Project("{888888A0-9F3D-457C-B088-3A5042F75D52}") = "bài46", "bài46\bài46.pyproj", "{F870436F-68EF-41AE-A908-07543F3491D2}"
EndProject
Project("{888888A0-9F3D-457C-B088-3A5042F75D52}") = "bài49", "bài49\bài49.pyproj", "{9FCF4A90-A4AA-4BAA-9EE8-520E9649D076}"
EndProject
Project("{888888A0-9F3D-457C-B088-3A5042F75D52}") = "bài52", "bài52\bài52.pyproj", "{9B747794-1ACC-4976-BD67-1CA12F76C93E}"
EndProject
Project("{888888A0-9F3D-457C-B088-3A5042F75D52}") = "bài55", "bài55\bài55.pyproj", "{9781E46A-569A-4750-B8C0-B63707F5B51B}"
EndProject
Project("{888888A0-9F3D-457C-B088-3A5042F75D52}") = "bài58", "bài58\bài58.pyproj", "{633067B2-FE22-45DE-8421-21A07AE9F048}"
EndProject
Project("{888888A0-9F3D-457C-B088-3A5042F75D52}") = "bài61", "bài61\bài61.pyproj", "{4BC36C22-0DDE-4D61-92D0-60CCAD640170}"
EndProject
Project("{888888A0-9F3D-457C-B088-3A5042F75D52}") = "bài64", "bài64\bài64.pyproj", "{DA63BCC6-8AFC-457A-8D92-EA6BE54A360A}"
EndProject
Project("{888888A0-9F3D-457C-B088-3A5042F75D52}") = "bài70", "bài70\bài70.pyproj", "{43DF2A91-B68D-46FF-8D8D-FFE6594EDADC}"
EndProject
Project("{888888A0-9F3D-457C-B088-3A5042F75D52}") = "bài73", "bài73\bài73.pyproj", "{4E945079-E230-45F8-9BD1-97366CC74565}"
EndProject
Project("{888888A0-9F3D-457C-B088-3A5042F75D52}") = "bài76", "bài76\bài76.pyproj", "{D8FC24CF-7D97-4D07-9189-DE14342C9939}"
EndProject
Project("{888888A0-9F3D-457C-B088-3A5042F75D52}") = "bài79", "bài79\bài79.pyproj", "{DEB2A3D4-CAFB-49FA-BD9B-4615536592C3}"
EndProject
Project("{888888A0-9F3D-457C-B088-3A5042F75D52}") = "bài82", "bài82\bài82.pyproj", "{4069098A-B35B-4D30-A554-AE98BF9A2508}"
EndProject
Project("{888888A0-9F3D-457C-B088-3A5042F75D52}") = "bài85", "bài85\bài85.pyproj", "{5B003BD2-5249-440B-94E7-1662517E1B2D}"
EndProject
Project("{888888A0-9F3D-457C-B088-3A5042F75D52}") = "bài88", "bài88\bài88.pyproj", "{66D3C756-6A3A-44DF-930A-7C79305C0286}"
EndProject
Project("{888888A0-9F3D-457C-B088-3A5042F75D52}") = "bài91", "bài91\bài91.pyproj", "{45C7779B-FC8F-415D-90B3-845AA6DE7BC1}"
EndProject
Project("{888888A0-9F3D-457C-B088-3A5042F75D52}") = "bài94", "bài94\bài94.pyproj", "{8AF8D47A-32B2-4E0C-AB0F-D662CD00310D}"
EndProject
Project("{888888A0-9F3D-457C-B088-3A5042F75D52}") = "bài97", "bài97\bài97.pyproj", "{4D7A92AC-FD04-447F-91FB-2F9A7E05181B}"
EndProject
Project("{888888A0-9F3D-457C-B088-3A5042F75D52}") = "bài67", "bài67\bài67.pyproj", "{9CCC62D5-C366-4DAA-B2DB-FF925F217A06}"
EndProject
Project("{888888A0-9F3D-457C-B088-3A5042F75D52}") = "bài100", "bài100\bài100.pyproj", "{A9975108-66D4-43E3-9F2A-48EEA8DFBC37}"
EndProject
Project("{888888A0-9F3D-457C-B088-3A5042F75D52}") = "bài103", "bài103\bài103.pyproj", "{91A8948B-7620-4DB4-BF07-EA3E97F03874}"
EndProject
Project("{888888A0-9F3D-457C-B088-3A5042F75D52}") = "bài106", "bài106\bài106.pyproj", "{05366B6C-F0FF-4694-BCAA-ECFEF4F2FEED}"
EndProject
Project("{888888A0-9F3D-457C-B088-3A5042F75D52}") = "bài109", "bài109\bài109.pyproj", "{549D86AD-1959-458D-B6FC-3883227A4BC5}"
EndProject
Project("{888888A0-9F3D-457C-B088-3A5042F75D52}") = "bài112", "bài112\bài112.pyproj", "{2AF04F97-1BDB-479C-8E67-0F8ECE3C3972}"
EndProject
Project("{888888A0-9F3D-457C-B088-3A5042F75D52}") = "bài115", "bài115\bài115.pyproj", "{ED36EB7C-F05F-4A38-BFCC-A42470F10F63}"
EndProject
Project("{888888A0-9F3D-457C-B088-3A5042F75D52}") = "bài118", "bài118\bài118.pyproj", "{6613EA99-10C6-4A0C-A86D-9F907E83AE5E}"
EndProject
Project("{888888A0-9F3D-457C-B088-3A5042F75D52}") = "bài121", "bài121\bài121.pyproj", "{DE46B54B-C24B-43D3-BCE9-C738A47F7EB4}"
EndProject
Project("{888888A0-9F3D-457C-B088-3A5042F75D52}") = "bài124", "bài124\bài124.pyproj", "{6130A3F3-13E7-4259-8323-B5ADD6071F18}"
EndProject
Project("{888888A0-9F3D-457C-B088-3A5042F75D52}") = "bài127", "bài127\bài127.pyproj", "{35DBEA3F-42A9-4BEB-83FD-4B1B06ED8C05}"
EndProject
Project("{888888A0-9F3D-457C-B088-3A5042F75D52}") = "bài130", "bài130\bài130.pyproj", "{C4CAAE1E-5C75-45D8-BE58-1156AEFD5E94}"
EndProject
Project("{888888A0-9F3D-457C-B088-3A5042F75D52}") = "bài133", "bài133\bài133.pyproj", "{C1B1C562-3FDF-4031-90BB-A416F36B2FEA}"
EndProject
Project("{888888A0-9F3D-457C-B088-3A5042F75D52}") = "bài136", "bài136\bài136.pyproj", "{9BCA8C31-DAA8-4360-95F2-7360D8283837}"
EndProject
Project("{888888A0-9F3D-457C-B088-3A5042F75D52}") = "bài139", "bài139\bài139.pyproj", "{D1754877-6173-4FD8-982C-DC9F002949B8}"
EndProject
Project("{888888A0-9F3D-457C-B088-3A5042F75D52}") = "bài142", "bài142\bài142.pyproj", "{38F0DB45-1620-4EE6-B111-A9203FF02AF2}"
EndProject
Project("{888888A0-9F3D-457C-B088-3A5042F75D52}") = "bài145", "bài145\bài145.pyproj", "{00FC3A57-DDF3-465B-B2C0-87E20E53B5DC}"
EndProject
Project("{888888A0-9F3D-457C-B088-3A5042F75D52}") = "bài148", "bài148\bài148.pyproj", "{45F73E77-9CF3-41CA-8053-4FD39031E5F1}"
EndProject
Project("{888888A0-9F3D-457C-B088-3A5042F75D52}") = "bài151", "bài151\bài151.pyproj", "{1C7B22C1-C14C-4C1F-BE0D-DBEFC45938BC}"
EndProject
Project("{888888A0-9F3D-457C-B088-3A5042F75D52}") = "bài154", "bài154\bài154.pyproj", "{561EA6E1-8A55-4A36-86BA-92D709ADC5BB}"
EndProject
Project("{888888A0-9F3D-457C-B088-3A5042F75D52}") = "bài157", "bài157\bài157.pyproj", "{A7EEF765-2057-406E-B414-A70A5AC321F1}"
EndProject
Project("{888888A0-9F3D-457C-B088-3A5042F75D52}") = "bài160", "bài160\bài160.pyproj", "{B793E5E6-3B6F-417A-A400-5F87870654AC}"
EndProject
Project("{888888A0-9F3D-457C-B088-3A5042F75D52}") = "bài163", "bài163\bài163.pyproj", "{6143E03C-82F6-4ECB-B06B-17612F6201DD}"
EndProject
Project("{888888A0-9F3D-457C-B088-3A5042F75D52}") = "bài166", "bài166\bài166.pyproj", "{F5B8869A-84D2-4FC6-AB54-41B3F508CFC8}"
EndProject
Global
	GlobalSection(SolutionConfigurationPlatforms) = preSolution
		Debug|Any CPU = Debug|Any CPU
		Release|Any CPU = Release|Any CPU
	EndGlobalSection
	GlobalSection(ProjectConfigurationPlatforms) = postSolution
		{F3B40425-22E2-4A26-8450-AD16A391DB54}.Debug|Any CPU.ActiveCfg = Debug|Any CPU
		{F3B40425-22E2-4A26-8450-AD16A391DB54}.Release|Any CPU.ActiveCfg = Release|Any CPU
		{33B252FA-BE57-44E2-80BE-FDC4FB4233DD}.Debug|Any CPU.ActiveCfg = Debug|Any CPU
		{33B252FA-BE57-44E2-80BE-FDC4FB4233DD}.Release|Any CPU.ActiveCfg = Release|Any CPU
		{2608FD13-7EFF-4410-8F66-F51C01766B1D}.Debug|Any CPU.ActiveCfg = Debug|Any CPU
		{2608FD13-7EFF-4410-8F66-F51C01766B1D}.Release|Any CPU.ActiveCfg = Release|Any CPU
		{C6855EF2-21AC-4677-AF06-795B36DFF689}.Debug|Any CPU.ActiveCfg = Debug|Any CPU
		{C6855EF2-21AC-4677-AF06-795B36DFF689}.Release|Any CPU.ActiveCfg = Release|Any CPU
		{6333FF8B-474C-4F7E-BE7E-B3425FF746D3}.Debug|Any CPU.ActiveCfg = Debug|Any CPU
		{6333FF8B-474C-4F7E-BE7E-B3425FF746D3}.Release|Any CPU.ActiveCfg = Release|Any CPU
		{5A1F16C6-5783-4250-957E-5D2FC18A216B}.Debug|Any CPU.ActiveCfg = Debug|Any CPU
		{5A1F16C6-5783-4250-957E-5D2FC18A216B}.Release|Any CPU.ActiveCfg = Release|Any CPU
		{28414101-1C80-4336-95C6-BC96427BA8C9}.Debug|Any CPU.ActiveCfg = Debug|Any CPU
		{28414101-1C80-4336-95C6-BC96427BA8C9}.Release|Any CPU.ActiveCfg = Release|Any CPU
		{8D51C7EE-25C6-4D10-B4B9-E86145184C55}.Debug|Any CPU.ActiveCfg = Debug|Any CPU
		{8D51C7EE-25C6-4D10-B4B9-E86145184C55}.Release|Any CPU.ActiveCfg = Release|Any CPU
		{62CB555E-E480-4B7D-B8C7-F164E0541A9D}.Debug|Any CPU.ActiveCfg = Debug|Any CPU
		{62CB555E-E480-4B7D-B8C7-F164E0541A9D}.Release|Any CPU.ActiveCfg = Release|Any CPU
		{B7E05D2B-8472-4EBB-8542-B2108FB87A06}.Debug|Any CPU.ActiveCfg = Debug|Any CPU
		{B7E05D2B-8472-4EBB-8542-B2108FB87A06}.Release|Any CPU.ActiveCfg = Release|Any CPU
		{1662B233-D533-4C18-88CE-579734955792}.Debug|Any CPU.ActiveCfg = Debug|Any CPU
		{1662B233-D533-4C18-88CE-579734955792}.Release|Any CPU.ActiveCfg = Release|Any CPU
		{5E4833C2-F531-425F-8F98-55362E4E3749}.Debug|Any CPU.ActiveCfg = Debug|Any CPU
		{5E4833C2-F531-425F-8F98-55362E4E3749}.Release|Any CPU.ActiveCfg = Release|Any CPU
		{3716A989-669A-4EA8-89A0-06BC9BF36E28}.Debug|Any CPU.ActiveCfg = Debug|Any CPU
		{3716A989-669A-4EA8-89A0-06BC9BF36E28}.Release|Any CPU.ActiveCfg = Release|Any CPU
		{4EC3C647-BE22-4D2F-A8BA-BA53D27DF4AC}.Debug|Any CPU.ActiveCfg = Debug|Any CPU
		{4EC3C647-BE22-4D2F-A8BA-BA53D27DF4AC}.Release|Any CPU.ActiveCfg = Release|Any CPU
		{337B9176-F432-4C36-820B-C70EA7263C38}.Debug|Any CPU.ActiveCfg = Debug|Any CPU
		{337B9176-F432-4C36-820B-C70EA7263C38}.Release|Any CPU.ActiveCfg = Release|Any CPU
		{F870436F-68EF-41AE-A908-07543F3491D2}.Debug|Any CPU.ActiveCfg = Debug|Any CPU
		{F870436F-68EF-41AE-A908-07543F3491D2}.Release|Any CPU.ActiveCfg = Release|Any CPU
		{9FCF4A90-A4AA-4BAA-9EE8-520E9649D076}.Debug|Any CPU.ActiveCfg = Debug|Any CPU
		{9FCF4A90-A4AA-4BAA-9EE8-520E9649D076}.Release|Any CPU.ActiveCfg = Release|Any CPU
		{9B747794-1ACC-4976-BD67-1CA12F76C93E}.Debug|Any CPU.ActiveCfg = Debug|Any CPU
		{9B747794-1ACC-4976-BD67-1CA12F76C93E}.Release|Any CPU.ActiveCfg = Release|Any CPU
		{9781E46A-569A-4750-B8C0-B63707F5B51B}.Debug|Any CPU.ActiveCfg = Debug|Any CPU
		{9781E46A-569A-4750-B8C0-B63707F5B51B}.Release|Any CPU.ActiveCfg = Release|Any CPU
		{633067B2-FE22-45DE-8421-21A07AE9F048}.Debug|Any CPU.ActiveCfg = Debug|Any CPU
		{633067B2-FE22-45DE-8421-21A07AE9F048}.Release|Any CPU.ActiveCfg = Release|Any CPU
		{4BC36C22-0DDE-4D61-92D0-60CCAD640170}.Debug|Any CPU.ActiveCfg = Debug|Any CPU
		{4BC36C22-0DDE-4D61-92D0-60CCAD640170}.Release|Any CPU.ActiveCfg = Release|Any CPU
		{DA63BCC6-8AFC-457A-8D92-EA6BE54A360A}.Debug|Any CPU.ActiveCfg = Debug|Any CPU
		{DA63BCC6-8AFC-457A-8D92-EA6BE54A360A}.Release|Any CPU.ActiveCfg = Release|Any CPU
		{43DF2A91-B68D-46FF-8D8D-FFE6594EDADC}.Debug|Any CPU.ActiveCfg = Debug|Any CPU
		{43DF2A91-B68D-46FF-8D8D-FFE6594EDADC}.Release|Any CPU.ActiveCfg = Release|Any CPU
		{4E945079-E230-45F8-9BD1-97366CC74565}.Debug|Any CPU.ActiveCfg = Debug|Any CPU
		{4E945079-E230-45F8-9BD1-97366CC74565}.Release|Any CPU.ActiveCfg = Release|Any CPU
		{D8FC24CF-7D97-4D07-9189-DE14342C9939}.Debug|Any CPU.ActiveCfg = Debug|Any CPU
		{D8FC24CF-7D97-4D07-9189-DE14342C9939}.Release|Any CPU.ActiveCfg = Release|Any CPU
		{DEB2A3D4-CAFB-49FA-BD9B-4615536592C3}.Debug|Any CPU.ActiveCfg = Debug|Any CPU
		{DEB2A3D4-CAFB-49FA-BD9B-4615536592C3}.Release|Any CPU.ActiveCfg = Release|Any CPU
		{4069098A-B35B-4D30-A554-AE98BF9A2508}.Debug|Any CPU.ActiveCfg = Debug|Any CPU
		{4069098A-B35B-4D30-A554-AE98BF9A2508}.Release|Any CPU.ActiveCfg = Release|Any CPU
		{5B003BD2-5249-440B-94E7-1662517E1B2D}.Debug|Any CPU.ActiveCfg = Debug|Any CPU
		{5B003BD2-5249-440B-94E7-1662517E1B2D}.Release|Any CPU.ActiveCfg = Release|Any CPU
		{66D3C756-6A3A-44DF-930A-7C79305C0286}.Debug|Any CPU.ActiveCfg = Debug|Any CPU
		{66D3C756-6A3A-44DF-930A-7C79305C0286}.Release|Any CPU.ActiveCfg = Release|Any CPU
		{45C7779B-FC8F-415D-90B3-845AA6DE7BC1}.Debug|Any CPU.ActiveCfg = Debug|Any CPU
		{45C7779B-FC8F-415D-90B3-845AA6DE7BC1}.Release|Any CPU.ActiveCfg = Release|Any CPU
		{8AF8D47A-32B2-4E0C-AB0F-D662CD00310D}.Debug|Any CPU.ActiveCfg = Debug|Any CPU
		{8AF8D47A-32B2-4E0C-AB0F-D662CD00310D}.Release|Any CPU.ActiveCfg = Release|Any CPU
		{4D7A92AC-FD04-447F-91FB-2F9A7E05181B}.Debug|Any CPU.ActiveCfg = Debug|Any CPU
		{4D7A92AC-FD04-447F-91FB-2F9A7E05181B}.Release|Any CPU.ActiveCfg = Release|Any CPU
		{9CCC62D5-C366-4DAA-B2DB-FF925F217A06}.Debug|Any CPU.ActiveCfg = Debug|Any CPU
		{9CCC62D5-C366-4DAA-B2DB-FF925F217A06}.Release|Any CPU.ActiveCfg = Release|Any CPU
		{A9975108-66D4-43E3-9F2A-48EEA8DFBC37}.Debug|Any CPU.ActiveCfg = Debug|Any CPU
		{A9975108-66D4-43E3-9F2A-48EEA8DFBC37}.Release|Any CPU.ActiveCfg = Release|Any CPU
		{91A8948B-7620-4DB4-BF07-EA3E97F03874}.Debug|Any CPU.ActiveCfg = Debug|Any CPU
		{91A8948B-7620-4DB4-BF07-EA3E97F03874}.Release|Any CPU.ActiveCfg = Release|Any CPU
		{05366B6C-F0FF-4694-BCAA-ECFEF4F2FEED}.Debug|Any CPU.ActiveCfg = Debug|Any CPU
		{05366B6C-F0FF-4694-BCAA-ECFEF4F2FEED}.Release|Any CPU.ActiveCfg = Release|Any CPU
		{549D86AD-1959-458D-B6FC-3883227A4BC5}.Debug|Any CPU.ActiveCfg = Debug|Any CPU
		{549D86AD-1959-458D-B6FC-3883227A4BC5}.Release|Any CPU.ActiveCfg = Release|Any CPU
		{2AF04F97-1BDB-479C-8E67-0F8ECE3C3972}.Debug|Any CPU.ActiveCfg = Debug|Any CPU
		{2AF04F97-1BDB-479C-8E67-0F8ECE3C3972}.Release|Any CPU.ActiveCfg = Release|Any CPU
		{ED36EB7C-F05F-4A38-BFCC-A42470F10F63}.Debug|Any CPU.ActiveCfg = Debug|Any CPU
		{ED36EB7C-F05F-4A38-BFCC-A42470F10F63}.Release|Any CPU.ActiveCfg = Release|Any CPU
		{6613EA99-10C6-4A0C-A86D-9F907E83AE5E}.Debug|Any CPU.ActiveCfg = Debug|Any CPU
		{6613EA99-10C6-4A0C-A86D-9F907E83AE5E}.Release|Any CPU.ActiveCfg = Release|Any CPU
		{DE46B54B-C24B-43D3-BCE9-C738A47F7EB4}.Debug|Any CPU.ActiveCfg = Debug|Any CPU
		{DE46B54B-C24B-43D3-BCE9-C738A47F7EB4}.Release|Any CPU.ActiveCfg = Release|Any CPU
		{6130A3F3-13E7-4259-8323-B5ADD6071F18}.Debug|Any CPU.ActiveCfg = Debug|Any CPU
		{6130A3F3-13E7-4259-8323-B5ADD6071F18}.Release|Any CPU.ActiveCfg = Release|Any CPU
		{35DBEA3F-42A9-4BEB-83FD-4B1B06ED8C05}.Debug|Any CPU.ActiveCfg = Debug|Any CPU
		{35DBEA3F-42A9-4BEB-83FD-4B1B06ED8C05}.Release|Any CPU.ActiveCfg = Release|Any CPU
		{C4CAAE1E-5C75-45D8-BE58-1156AEFD5E94}.Debug|Any CPU.ActiveCfg = Debug|Any CPU
		{C4CAAE1E-5C75-45D8-BE58-1156AEFD5E94}.Release|Any CPU.ActiveCfg = Release|Any CPU
		{C1B1C562-3FDF-4031-90BB-A416F36B2FEA}.Debug|Any CPU.ActiveCfg = Debug|Any CPU
		{C1B1C562-3FDF-4031-90BB-A416F36B2FEA}.Release|Any CPU.ActiveCfg = Release|Any CPU
		{9BCA8C31-DAA8-4360-95F2-7360D8283837}.Debug|Any CPU.ActiveCfg = Debug|Any CPU
		{9BCA8C31-DAA8-4360-95F2-7360D8283837}.Release|Any CPU.ActiveCfg = Release|Any CPU
		{D1754877-6173-4FD8-982C-DC9F002949B8}.Debug|Any CPU.ActiveCfg = Debug|Any CPU
		{D1754877-6173-4FD8-982C-DC9F002949B8}.Release|Any CPU.ActiveCfg = Release|Any CPU
		{38F0DB45-1620-4EE6-B111-A9203FF02AF2}.Debug|Any CPU.ActiveCfg = Debug|Any CPU
		{38F0DB45-1620-4EE6-B111-A9203FF02AF2}.Release|Any CPU.ActiveCfg = Release|Any CPU
		{00FC3A57-DDF3-465B-B2C0-87E20E53B5DC}.Debug|Any CPU.ActiveCfg = Debug|Any CPU
		{00FC3A57-DDF3-465B-B2C0-87E20E53B5DC}.Release|Any CPU.ActiveCfg = Release|Any CPU
		{45F73E77-9CF3-41CA-8053-4FD39031E5F1}.Debug|Any CPU.ActiveCfg = Debug|Any CPU
		{45F73E77-9CF3-41CA-8053-4FD39031E5F1}.Release|Any CPU.ActiveCfg = Release|Any CPU
		{1C7B22C1-C14C-4C1F-BE0D-DBEFC45938BC}.Debug|Any CPU.ActiveCfg = Debug|Any CPU
		{1C7B22C1-C14C-4C1F-BE0D-DBEFC45938BC}.Release|Any CPU.ActiveCfg = Release|Any CPU
		{561EA6E1-8A55-4A36-86BA-92D709ADC5BB}.Debug|Any CPU.ActiveCfg = Debug|Any CPU
		{561EA6E1-8A55-4A36-86BA-92D709ADC5BB}.Release|Any CPU.ActiveCfg = Release|Any CPU
		{A7EEF765-2057-406E-B414-A70A5AC321F1}.Debug|Any CPU.ActiveCfg = Debug|Any CPU
		{A7EEF765-2057-406E-B414-A70A5AC321F1}.Release|Any CPU.ActiveCfg = Release|Any CPU
		{B793E5E6-3B6F-417A-A400-5F87870654AC}.Debug|Any CPU.ActiveCfg = Debug|Any CPU
		{B793E5E6-3B6F-417A-A400-5F87870654AC}.Release|Any CPU.ActiveCfg = Release|Any CPU
		{6143E03C-82F6-4ECB-B06B-17612F6201DD}.Debug|Any CPU.ActiveCfg = Debug|Any CPU
		{6143E03C-82F6-4ECB-B06B-17612F6201DD}.Release|Any CPU.ActiveCfg = Release|Any CPU
		{F5B8869A-84D2-4FC6-AB54-41B3F508CFC8}.Debug|Any CPU.ActiveCfg = Debug|Any CPU
		{F5B8869A-84D2-4FC6-AB54-41B3F508CFC8}.Release|Any CPU.ActiveCfg = Release|Any CPU
	EndGlobalSection
	GlobalSection(SolutionProperties) = preSolution
		HideSolutionNode = FALSE
	EndGlobalSection
	GlobalSection(ExtensibilityGlobals) = postSolution
		SolutionGuid = {9CC51D18-905C-46F2-B672-8F109B9CBE9E}
	EndGlobalSection
EndGlobal
