
Microsoft Visual Studio Solution File, Format Version 12.00
# Visual Studio Version 17
VisualStudioVersion = 17.7.34031.279
MinimumVisualStudioVersion = 10.0.40219.1
Project("{888888A0-9F3D-457C-B088-3A5042F75D52}") = "003", "..\21521923_1\003\003.pyproj", "{E61E2FAE-1E7D-4E24-929A-097710982B8E}"
EndProject
Project("{888888A0-9F3D-457C-B088-3A5042F75D52}") = "006", "..\21521923_1\006\006.pyproj", "{937E9F5E-19C9-4AA3-AE1F-DC2A1D5E8250}"
EndProject
Project("{888888A0-9F3D-457C-B088-3A5042F75D52}") = "009", "..\21521923_1\009\009.pyproj", "{8E89E9DA-BBEF-4025-91FB-102B81A330E1}"
EndProject
Project("{888888A0-9F3D-457C-B088-3A5042F75D52}") = "012", "..\21521923_1\012\012.pyproj", "{F9BD91E7-D86C-4F9C-B431-664054BC44F1}"
EndProject
Project("{888888A0-9F3D-457C-B088-3A5042F75D52}") = "015", "..\21521923_1\015\015.pyproj", "{27F92474-27F0-4D34-8411-C48F42AA02EB}"
EndProject
Project("{888888A0-9F3D-457C-B088-3A5042F75D52}") = "018", "..\21521923_1\018\018.pyproj", "{1C94AC84-CC40-40D5-A1D1-DF29D8063DAB}"
EndProject
Project("{888888A0-9F3D-457C-B088-3A5042F75D52}") = "021", "..\21521923_1\021\021.pyproj", "{B48038AE-C660-40F9-BD37-0C5D812F4398}"
EndProject
Project("{888888A0-9F3D-457C-B088-3A5042F75D52}") = "024", "..\21521923_1\024\024.pyproj", "{123ECF56-FD31-43F4-A5ED-1DF9576949DA}"
EndProject
Project("{888888A0-9F3D-457C-B088-3A5042F75D52}") = "027", "..\21521923_1\027\027.pyproj", "{2B1B6425-C360-4AF4-BFFE-B3BC1801994B}"
EndProject
Project("{888888A0-9F3D-457C-B088-3A5042F75D52}") = "030", "..\21521923_1\030\030.pyproj", "{34F14AAD-B9A0-4614-A3C2-6F36E550FD85}"
EndProject
Project("{888888A0-9F3D-457C-B088-3A5042F75D52}") = "033", "..\21521923_1\033\033.pyproj", "{976993F4-4AB0-4CCF-9EA4-12F7202C5617}"
EndProject
Project("{888888A0-9F3D-457C-B088-3A5042F75D52}") = "036", "..\21521923_1\036\036.pyproj", "{EC28CB42-34AA-4285-A79F-FA0670067D31}"
EndProject
Project("{888888A0-9F3D-457C-B088-3A5042F75D52}") = "039", "..\21521923_1\039\039.pyproj", "{50B483E8-3CAB-40F4-99BA-2CB95FAB0074}"
EndProject
Project("{888888A0-9F3D-457C-B088-3A5042F75D52}") = "042", "..\21521923_1\042\042.pyproj", "{7B7FBE68-6E36-42D1-8EA4-0C28B8F7ED56}"
EndProject
Project("{888888A0-9F3D-457C-B088-3A5042F75D52}") = "045", "..\21521923_1\045\045.pyproj", "{BF90E9CE-7716-46A7-9EC6-730E3187B28A}"
EndProject
Project("{888888A0-9F3D-457C-B088-3A5042F75D52}") = "048", "..\21521923_1\048\048.pyproj", "{ADCFD974-C567-4AC4-B6C3-8B2D68A2A8FB}"
EndProject
Project("{888888A0-9F3D-457C-B088-3A5042F75D52}") = "051", "..\21521923_1\051\051.pyproj", "{C0E5D282-B5C1-4400-A3AC-779BBEA0B20F}"
EndProject
Project("{888888A0-9F3D-457C-B088-3A5042F75D52}") = "054", "..\21521923_1\054\054.pyproj", "{CE54223F-1AE1-4311-8D62-1DD0FD2E3D37}"
EndProject
Project("{888888A0-9F3D-457C-B088-3A5042F75D52}") = "057", "..\21521923_1\057\057.pyproj", "{06F7A9F6-75AB-4D78-B551-9C2623E41D30}"
EndProject
Project("{888888A0-9F3D-457C-B088-3A5042F75D52}") = "060", "..\21521923_1\060\060.pyproj", "{E1FBCE59-A96E-4E82-8755-202ABBCE4A4C}"
EndProject
Project("{888888A0-9F3D-457C-B088-3A5042F75D52}") = "063", "..\21521923_1\063\063.pyproj", "{537580FD-90F9-4028-8C8C-FC6B31AD474F}"
EndProject
Project("{888888A0-9F3D-457C-B088-3A5042F75D52}") = "066", "..\21521923_1\066\066.pyproj", "{C89FBBD2-4871-4DBF-A807-8ADFAC563FDB}"
EndProject
Project("{888888A0-9F3D-457C-B088-3A5042F75D52}") = "069", "..\21521923_1\069\069.pyproj", "{8F1756A1-63DC-46FC-A032-6E49099334A3}"
EndProject
Project("{888888A0-9F3D-457C-B088-3A5042F75D52}") = "072", "..\21521923_1\072\072.pyproj", "{8FAE4ECF-6E0B-437B-9DDD-95E4AFD2F266}"
EndProject
Project("{888888A0-9F3D-457C-B088-3A5042F75D52}") = "075", "..\21521923_1\075\075.pyproj", "{0E4E106E-C3CA-44D0-B932-E9C4A4ECCC62}"
EndProject
Project("{888888A0-9F3D-457C-B088-3A5042F75D52}") = "078", "..\21521923_1\078\078.pyproj", "{9A592B6E-C683-46AB-8B02-23412DC85024}"
EndProject
Project("{888888A0-9F3D-457C-B088-3A5042F75D52}") = "081", "..\21521923_1\081\081.pyproj", "{C9520ADB-AF7A-43F1-AA08-29D9709AF463}"
EndProject
Project("{888888A0-9F3D-457C-B088-3A5042F75D52}") = "084", "..\21521923_1\084\084.pyproj", "{12A19BE1-A4BC-4207-AD15-80D35EEBA039}"
EndProject
Project("{888888A0-9F3D-457C-B088-3A5042F75D52}") = "087", "..\21521923_1\087\087.pyproj", "{2E4968A8-E197-43D5-B99D-6B4C3C3E1B30}"
EndProject
Project("{888888A0-9F3D-457C-B088-3A5042F75D52}") = "090", "..\21521923_1\090\090.pyproj", "{0DFCF774-D02D-492D-935F-722AD3165223}"
EndProject
Project("{888888A0-9F3D-457C-B088-3A5042F75D52}") = "093", "..\21521923_1\093\093.pyproj", "{000AA5FE-AF7F-4985-90B5-49E4460A6E6E}"
EndProject
Project("{888888A0-9F3D-457C-B088-3A5042F75D52}") = "096", "..\21521923_1\096\096.pyproj", "{DC4DF1C0-A011-4C2A-A887-0D307735793B}"
EndProject
Project("{888888A0-9F3D-457C-B088-3A5042F75D52}") = "099", "..\21521923_1\099\099.pyproj", "{2756C8DB-7028-4D19-A2B0-42A0A107A419}"
EndProject
Project("{888888A0-9F3D-457C-B088-3A5042F75D52}") = "102", "..\21521923_1\102\102.pyproj", "{E065EF57-5680-4510-82FF-7718AE563385}"
EndProject
Project("{888888A0-9F3D-457C-B088-3A5042F75D52}") = "105", "..\21521923_1\105\105.pyproj", "{E740843B-AC6B-42FE-85D9-97F81E6F0294}"
EndProject
Project("{888888A0-9F3D-457C-B088-3A5042F75D52}") = "108", "..\21521923_1\108\108.pyproj", "{4003A569-A774-4A54-A65E-7C54DB674B2A}"
EndProject
Project("{888888A0-9F3D-457C-B088-3A5042F75D52}") = "111", "..\21521923_1\111\111.pyproj", "{1109D911-188B-4833-BFB4-D1E1DA048793}"
EndProject
Project("{888888A0-9F3D-457C-B088-3A5042F75D52}") = "114", "..\21521923_1\114\114.pyproj", "{84491814-FB79-4B94-803E-E38E83957A34}"
EndProject
Project("{888888A0-9F3D-457C-B088-3A5042F75D52}") = "117", "..\21521923_1\117\117.pyproj", "{081B9FB5-0149-48BD-8242-01DE9F29D3F8}"
EndProject
Project("{888888A0-9F3D-457C-B088-3A5042F75D52}") = "120", "..\21521923_1\120\120.pyproj", "{526080B1-3468-4017-ADC9-FBE2CD9B4982}"
EndProject
Project("{888888A0-9F3D-457C-B088-3A5042F75D52}") = "123", "..\21521923_1\123\123.pyproj", "{B80FD156-A154-4F46-B964-17E0CE65D15B}"
EndProject
Project("{888888A0-9F3D-457C-B088-3A5042F75D52}") = "126", "..\21521923_1\126\126.pyproj", "{FAE1006C-A750-4F48-B298-08095D4FCB5F}"
EndProject
Project("{888888A0-9F3D-457C-B088-3A5042F75D52}") = "129", "..\21521923_1\129\129.pyproj", "{505A753D-AE2C-4A25-AE99-F006ED70F609}"
EndProject
Project("{888888A0-9F3D-457C-B088-3A5042F75D52}") = "132", "..\21521923_1\132\132.pyproj", "{E0F48A96-05EF-4788-8527-B4841A35D76D}"
EndProject
Project("{888888A0-9F3D-457C-B088-3A5042F75D52}") = "135", "..\21521923_1\135\135.pyproj", "{E2B862DE-141B-4641-A3FB-5DEE617E09E2}"
EndProject
Project("{888888A0-9F3D-457C-B088-3A5042F75D52}") = "138", "..\21521923_1\138\138.pyproj", "{F63C4DF1-6ED8-4A18-BE19-314F670A78D9}"
EndProject
Project("{888888A0-9F3D-457C-B088-3A5042F75D52}") = "141", "..\21521923_1\141\141.pyproj", "{8C1AC053-AB39-482C-87E3-43A1B197776F}"
EndProject
Project("{888888A0-9F3D-457C-B088-3A5042F75D52}") = "144", "..\21521923_1\144\144.pyproj", "{AA16DBD1-D489-45A3-99E9-7A65ABC23C90}"
EndProject
Project("{888888A0-9F3D-457C-B088-3A5042F75D52}") = "147", "..\21521923_1\147\147.pyproj", "{E07165BE-FD23-47DA-9641-903814B97057}"
EndProject
Project("{888888A0-9F3D-457C-B088-3A5042F75D52}") = "150", "..\21521923_1\150\150.pyproj", "{FE61857C-0A4F-4B6C-ABB8-212F7DC22930}"
EndProject
Project("{888888A0-9F3D-457C-B088-3A5042F75D52}") = "153", "..\21521923_1\153\153.pyproj", "{DE5D8B49-9882-463A-8A6B-C0FA7F08D51B}"
EndProject
Project("{888888A0-9F3D-457C-B088-3A5042F75D52}") = "156", "..\21521923_1\156\156.pyproj", "{3298D02B-BB7C-4F30-A7FA-C9B11A8BB07E}"
EndProject
Project("{888888A0-9F3D-457C-B088-3A5042F75D52}") = "159", "..\21521923_1\159\159.pyproj", "{B29A8A58-C2C5-4223-A9CA-9C4BF84FDCD8}"
EndProject
Project("{888888A0-9F3D-457C-B088-3A5042F75D52}") = "162", "..\21521923_1\162\162.pyproj", "{15812736-F7AD-4479-A4FE-D4A1B192DDB1}"
EndProject
Project("{888888A0-9F3D-457C-B088-3A5042F75D52}") = "165", "..\21521923_1\165\165.pyproj", "{A833563F-D251-46B2-8534-7756EDB2C380}"
EndProject
Global
	GlobalSection(SolutionConfigurationPlatforms) = preSolution
		Debug|Any CPU = Debug|Any CPU
		Release|Any CPU = Release|Any CPU
	EndGlobalSection
	GlobalSection(ProjectConfigurationPlatforms) = postSolution
		{E61E2FAE-1E7D-4E24-929A-097710982B8E}.Debug|Any CPU.ActiveCfg = Debug|Any CPU
		{E61E2FAE-1E7D-4E24-929A-097710982B8E}.Release|Any CPU.ActiveCfg = Release|Any CPU
		{937E9F5E-19C9-4AA3-AE1F-DC2A1D5E8250}.Debug|Any CPU.ActiveCfg = Debug|Any CPU
		{937E9F5E-19C9-4AA3-AE1F-DC2A1D5E8250}.Release|Any CPU.ActiveCfg = Release|Any CPU
		{8E89E9DA-BBEF-4025-91FB-102B81A330E1}.Debug|Any CPU.ActiveCfg = Debug|Any CPU
		{8E89E9DA-BBEF-4025-91FB-102B81A330E1}.Release|Any CPU.ActiveCfg = Release|Any CPU
		{F9BD91E7-D86C-4F9C-B431-664054BC44F1}.Debug|Any CPU.ActiveCfg = Debug|Any CPU
		{F9BD91E7-D86C-4F9C-B431-664054BC44F1}.Release|Any CPU.ActiveCfg = Release|Any CPU
		{27F92474-27F0-4D34-8411-C48F42AA02EB}.Debug|Any CPU.ActiveCfg = Debug|Any CPU
		{27F92474-27F0-4D34-8411-C48F42AA02EB}.Release|Any CPU.ActiveCfg = Release|Any CPU
		{1C94AC84-CC40-40D5-A1D1-DF29D8063DAB}.Debug|Any CPU.ActiveCfg = Debug|Any CPU
		{1C94AC84-CC40-40D5-A1D1-DF29D8063DAB}.Release|Any CPU.ActiveCfg = Release|Any CPU
		{B48038AE-C660-40F9-BD37-0C5D812F4398}.Debug|Any CPU.ActiveCfg = Debug|Any CPU
		{B48038AE-C660-40F9-BD37-0C5D812F4398}.Release|Any CPU.ActiveCfg = Release|Any CPU
		{123ECF56-FD31-43F4-A5ED-1DF9576949DA}.Debug|Any CPU.ActiveCfg = Debug|Any CPU
		{123ECF56-FD31-43F4-A5ED-1DF9576949DA}.Release|Any CPU.ActiveCfg = Release|Any CPU
		{2B1B6425-C360-4AF4-BFFE-B3BC1801994B}.Debug|Any CPU.ActiveCfg = Debug|Any CPU
		{2B1B6425-C360-4AF4-BFFE-B3BC1801994B}.Release|Any CPU.ActiveCfg = Release|Any CPU
		{34F14AAD-B9A0-4614-A3C2-6F36E550FD85}.Debug|Any CPU.ActiveCfg = Debug|Any CPU
		{34F14AAD-B9A0-4614-A3C2-6F36E550FD85}.Release|Any CPU.ActiveCfg = Release|Any CPU
		{976993F4-4AB0-4CCF-9EA4-12F7202C5617}.Debug|Any CPU.ActiveCfg = Debug|Any CPU
		{976993F4-4AB0-4CCF-9EA4-12F7202C5617}.Release|Any CPU.ActiveCfg = Release|Any CPU
		{EC28CB42-34AA-4285-A79F-FA0670067D31}.Debug|Any CPU.ActiveCfg = Debug|Any CPU
		{EC28CB42-34AA-4285-A79F-FA0670067D31}.Release|Any CPU.ActiveCfg = Release|Any CPU
		{50B483E8-3CAB-40F4-99BA-2CB95FAB0074}.Debug|Any CPU.ActiveCfg = Debug|Any CPU
		{50B483E8-3CAB-40F4-99BA-2CB95FAB0074}.Release|Any CPU.ActiveCfg = Release|Any CPU
		{7B7FBE68-6E36-42D1-8EA4-0C28B8F7ED56}.Debug|Any CPU.ActiveCfg = Debug|Any CPU
		{7B7FBE68-6E36-42D1-8EA4-0C28B8F7ED56}.Release|Any CPU.ActiveCfg = Release|Any CPU
		{BF90E9CE-7716-46A7-9EC6-730E3187B28A}.Debug|Any CPU.ActiveCfg = Debug|Any CPU
		{BF90E9CE-7716-46A7-9EC6-730E3187B28A}.Release|Any CPU.ActiveCfg = Release|Any CPU
		{ADCFD974-C567-4AC4-B6C3-8B2D68A2A8FB}.Debug|Any CPU.ActiveCfg = Debug|Any CPU
		{ADCFD974-C567-4AC4-B6C3-8B2D68A2A8FB}.Release|Any CPU.ActiveCfg = Release|Any CPU
		{C0E5D282-B5C1-4400-A3AC-779BBEA0B20F}.Debug|Any CPU.ActiveCfg = Debug|Any CPU
		{C0E5D282-B5C1-4400-A3AC-779BBEA0B20F}.Release|Any CPU.ActiveCfg = Release|Any CPU
		{CE54223F-1AE1-4311-8D62-1DD0FD2E3D37}.Debug|Any CPU.ActiveCfg = Debug|Any CPU
		{CE54223F-1AE1-4311-8D62-1DD0FD2E3D37}.Release|Any CPU.ActiveCfg = Release|Any CPU
		{06F7A9F6-75AB-4D78-B551-9C2623E41D30}.Debug|Any CPU.ActiveCfg = Debug|Any CPU
		{06F7A9F6-75AB-4D78-B551-9C2623E41D30}.Release|Any CPU.ActiveCfg = Release|Any CPU
		{E1FBCE59-A96E-4E82-8755-202ABBCE4A4C}.Debug|Any CPU.ActiveCfg = Debug|Any CPU
		{E1FBCE59-A96E-4E82-8755-202ABBCE4A4C}.Release|Any CPU.ActiveCfg = Release|Any CPU
		{537580FD-90F9-4028-8C8C-FC6B31AD474F}.Debug|Any CPU.ActiveCfg = Debug|Any CPU
		{537580FD-90F9-4028-8C8C-FC6B31AD474F}.Release|Any CPU.ActiveCfg = Release|Any CPU
		{C89FBBD2-4871-4DBF-A807-8ADFAC563FDB}.Debug|Any CPU.ActiveCfg = Debug|Any CPU
		{C89FBBD2-4871-4DBF-A807-8ADFAC563FDB}.Release|Any CPU.ActiveCfg = Release|Any CPU
		{8F1756A1-63DC-46FC-A032-6E49099334A3}.Debug|Any CPU.ActiveCfg = Debug|Any CPU
		{8F1756A1-63DC-46FC-A032-6E49099334A3}.Release|Any CPU.ActiveCfg = Release|Any CPU
		{8FAE4ECF-6E0B-437B-9DDD-95E4AFD2F266}.Debug|Any CPU.ActiveCfg = Debug|Any CPU
		{8FAE4ECF-6E0B-437B-9DDD-95E4AFD2F266}.Release|Any CPU.ActiveCfg = Release|Any CPU
		{0E4E106E-C3CA-44D0-B932-E9C4A4ECCC62}.Debug|Any CPU.ActiveCfg = Debug|Any CPU
		{0E4E106E-C3CA-44D0-B932-E9C4A4ECCC62}.Release|Any CPU.ActiveCfg = Release|Any CPU
		{9A592B6E-C683-46AB-8B02-23412DC85024}.Debug|Any CPU.ActiveCfg = Debug|Any CPU
		{9A592B6E-C683-46AB-8B02-23412DC85024}.Release|Any CPU.ActiveCfg = Release|Any CPU
		{C9520ADB-AF7A-43F1-AA08-29D9709AF463}.Debug|Any CPU.ActiveCfg = Debug|Any CPU
		{C9520ADB-AF7A-43F1-AA08-29D9709AF463}.Release|Any CPU.ActiveCfg = Release|Any CPU
		{12A19BE1-A4BC-4207-AD15-80D35EEBA039}.Debug|Any CPU.ActiveCfg = Debug|Any CPU
		{12A19BE1-A4BC-4207-AD15-80D35EEBA039}.Release|Any CPU.ActiveCfg = Release|Any CPU
		{2E4968A8-E197-43D5-B99D-6B4C3C3E1B30}.Debug|Any CPU.ActiveCfg = Debug|Any CPU
		{2E4968A8-E197-43D5-B99D-6B4C3C3E1B30}.Release|Any CPU.ActiveCfg = Release|Any CPU
		{0DFCF774-D02D-492D-935F-722AD3165223}.Debug|Any CPU.ActiveCfg = Debug|Any CPU
		{0DFCF774-D02D-492D-935F-722AD3165223}.Release|Any CPU.ActiveCfg = Release|Any CPU
		{000AA5FE-AF7F-4985-90B5-49E4460A6E6E}.Debug|Any CPU.ActiveCfg = Debug|Any CPU
		{000AA5FE-AF7F-4985-90B5-49E4460A6E6E}.Release|Any CPU.ActiveCfg = Release|Any CPU
		{DC4DF1C0-A011-4C2A-A887-0D307735793B}.Debug|Any CPU.ActiveCfg = Debug|Any CPU
		{DC4DF1C0-A011-4C2A-A887-0D307735793B}.Release|Any CPU.ActiveCfg = Release|Any CPU
		{2756C8DB-7028-4D19-A2B0-42A0A107A419}.Debug|Any CPU.ActiveCfg = Debug|Any CPU
		{2756C8DB-7028-4D19-A2B0-42A0A107A419}.Release|Any CPU.ActiveCfg = Release|Any CPU
		{E065EF57-5680-4510-82FF-7718AE563385}.Debug|Any CPU.ActiveCfg = Debug|Any CPU
		{E065EF57-5680-4510-82FF-7718AE563385}.Release|Any CPU.ActiveCfg = Release|Any CPU
		{E740843B-AC6B-42FE-85D9-97F81E6F0294}.Debug|Any CPU.ActiveCfg = Debug|Any CPU
		{E740843B-AC6B-42FE-85D9-97F81E6F0294}.Release|Any CPU.ActiveCfg = Release|Any CPU
		{4003A569-A774-4A54-A65E-7C54DB674B2A}.Debug|Any CPU.ActiveCfg = Debug|Any CPU
		{4003A569-A774-4A54-A65E-7C54DB674B2A}.Release|Any CPU.ActiveCfg = Release|Any CPU
		{1109D911-188B-4833-BFB4-D1E1DA048793}.Debug|Any CPU.ActiveCfg = Debug|Any CPU
		{1109D911-188B-4833-BFB4-D1E1DA048793}.Release|Any CPU.ActiveCfg = Release|Any CPU
		{84491814-FB79-4B94-803E-E38E83957A34}.Debug|Any CPU.ActiveCfg = Debug|Any CPU
		{84491814-FB79-4B94-803E-E38E83957A34}.Release|Any CPU.ActiveCfg = Release|Any CPU
		{081B9FB5-0149-48BD-8242-01DE9F29D3F8}.Debug|Any CPU.ActiveCfg = Debug|Any CPU
		{081B9FB5-0149-48BD-8242-01DE9F29D3F8}.Release|Any CPU.ActiveCfg = Release|Any CPU
		{526080B1-3468-4017-ADC9-FBE2CD9B4982}.Debug|Any CPU.ActiveCfg = Debug|Any CPU
		{526080B1-3468-4017-ADC9-FBE2CD9B4982}.Release|Any CPU.ActiveCfg = Release|Any CPU
		{B80FD156-A154-4F46-B964-17E0CE65D15B}.Debug|Any CPU.ActiveCfg = Debug|Any CPU
		{B80FD156-A154-4F46-B964-17E0CE65D15B}.Release|Any CPU.ActiveCfg = Release|Any CPU
		{FAE1006C-A750-4F48-B298-08095D4FCB5F}.Debug|Any CPU.ActiveCfg = Debug|Any CPU
		{FAE1006C-A750-4F48-B298-08095D4FCB5F}.Release|Any CPU.ActiveCfg = Release|Any CPU
		{505A753D-AE2C-4A25-AE99-F006ED70F609}.Debug|Any CPU.ActiveCfg = Debug|Any CPU
		{505A753D-AE2C-4A25-AE99-F006ED70F609}.Release|Any CPU.ActiveCfg = Release|Any CPU
		{E0F48A96-05EF-4788-8527-B4841A35D76D}.Debug|Any CPU.ActiveCfg = Debug|Any CPU
		{E0F48A96-05EF-4788-8527-B4841A35D76D}.Release|Any CPU.ActiveCfg = Release|Any CPU
		{E2B862DE-141B-4641-A3FB-5DEE617E09E2}.Debug|Any CPU.ActiveCfg = Debug|Any CPU
		{E2B862DE-141B-4641-A3FB-5DEE617E09E2}.Release|Any CPU.ActiveCfg = Release|Any CPU
		{F63C4DF1-6ED8-4A18-BE19-314F670A78D9}.Debug|Any CPU.ActiveCfg = Debug|Any CPU
		{F63C4DF1-6ED8-4A18-BE19-314F670A78D9}.Release|Any CPU.ActiveCfg = Release|Any CPU
		{8C1AC053-AB39-482C-87E3-43A1B197776F}.Debug|Any CPU.ActiveCfg = Debug|Any CPU
		{8C1AC053-AB39-482C-87E3-43A1B197776F}.Release|Any CPU.ActiveCfg = Release|Any CPU
		{AA16DBD1-D489-45A3-99E9-7A65ABC23C90}.Debug|Any CPU.ActiveCfg = Debug|Any CPU
		{AA16DBD1-D489-45A3-99E9-7A65ABC23C90}.Release|Any CPU.ActiveCfg = Release|Any CPU
		{E07165BE-FD23-47DA-9641-903814B97057}.Debug|Any CPU.ActiveCfg = Debug|Any CPU
		{E07165BE-FD23-47DA-9641-903814B97057}.Release|Any CPU.ActiveCfg = Release|Any CPU
		{FE61857C-0A4F-4B6C-ABB8-212F7DC22930}.Debug|Any CPU.ActiveCfg = Debug|Any CPU
		{FE61857C-0A4F-4B6C-ABB8-212F7DC22930}.Release|Any CPU.ActiveCfg = Release|Any CPU
		{DE5D8B49-9882-463A-8A6B-C0FA7F08D51B}.Debug|Any CPU.ActiveCfg = Debug|Any CPU
		{DE5D8B49-9882-463A-8A6B-C0FA7F08D51B}.Release|Any CPU.ActiveCfg = Release|Any CPU
		{3298D02B-BB7C-4F30-A7FA-C9B11A8BB07E}.Debug|Any CPU.ActiveCfg = Debug|Any CPU
		{3298D02B-BB7C-4F30-A7FA-C9B11A8BB07E}.Release|Any CPU.ActiveCfg = Release|Any CPU
		{B29A8A58-C2C5-4223-A9CA-9C4BF84FDCD8}.Debug|Any CPU.ActiveCfg = Debug|Any CPU
		{B29A8A58-C2C5-4223-A9CA-9C4BF84FDCD8}.Release|Any CPU.ActiveCfg = Release|Any CPU
		{15812736-F7AD-4479-A4FE-D4A1B192DDB1}.Debug|Any CPU.ActiveCfg = Debug|Any CPU
		{15812736-F7AD-4479-A4FE-D4A1B192DDB1}.Release|Any CPU.ActiveCfg = Release|Any CPU
		{A833563F-D251-46B2-8534-7756EDB2C380}.Debug|Any CPU.ActiveCfg = Debug|Any CPU
		{A833563F-D251-46B2-8534-7756EDB2C380}.Release|Any CPU.ActiveCfg = Release|Any CPU
	EndGlobalSection
	GlobalSection(SolutionProperties) = preSolution
		HideSolutionNode = FALSE
	EndGlobalSection
	GlobalSection(ExtensibilityGlobals) = postSolution
		SolutionGuid = {13A8C36A-0089-4A57-BB19-F0785A87DBF9}
	EndGlobalSection
EndGlobal
